<?xml version="1.0" encoding="utf-8"?>
<Project ToolsVersion="4.0" xmlns="http://schemas.microsoft.com/developer/msbuild/2003">
  <ItemGroup>
    <Filter Include="source">
      <UniqueIdentifier>{693bd25f-81c4-4079-a81f-f599ebed23b7}</UniqueIdentifier>
    </Filter>
  </ItemGroup>
  <ItemGroup>
    <ClInclude Include="..\..\source\Test\Test.h">
      <Filter>source</Filter>
    </ClInclude>
    <ClInclude Include="..\..\source\Test\LameTester.h">
      <Filter>source</Filter>
    </ClInclude>
  </ItemGroup>
  <ItemGroup>
    <ClCompile Include="..\..\source\Test\CompilerTest.cpp">
      <Filter>source</Filter>
    </ClCompile>
    <ClCompile Include="..\..\source\Test\CoreTest.cpp">
      <Filter>source</Filter>
    </ClCompile>
    <ClCompile Include="..\..\source\Test\ScriptTest.cpp">
      <Filter>source</Filter>
    </ClCompile>
    <ClCompile Include="..\..\source\Test\ResourceTest.cpp">
      <Filter>source</Filter>
    </ClCompile>
    <ClCompile Include="..\..\source\Test\LameTester.cpp">
      <Filter>source</Filter>
    </ClCompile>
  </ItemGroup>
</Project>