// !$*UTF8*$!
{
	archiveVersion = 1;
	classes = {
	};
	objectVersion = 46;
	objects = {

/* Begin PBXBuildFile section */
		0A225C3B199F8C4800447033 /* Class.cpp in Sources */ = {isa = PBXBuildFile; fileRef = 0A225C13199F8C4800447033 /* Class.cpp */; };
		0A225C3C199F8C4800447033 /* Define.cpp in Sources */ = {isa = PBXBuildFile; fileRef = 0A225C15199F8C4800447033 /* Define.cpp */; };
		0A225C3D199F8C4800447033 /* Exception.cpp in Sources */ = {isa = PBXBuildFile; fileRef = 0A225C17199F8C4800447033 /* Exception.cpp */; };
		0A225C3E199F8C4800447033 /* FileParser.cpp in Sources */ = {isa = PBXBuildFile; fileRef = 0A225C19199F8C4800447033 /* FileParser.cpp */; };
		0A225C3F199F8C4800447033 /* Interface.cpp in Sources */ = {isa = PBXBuildFile; fileRef = 0A225C1B199F8C4800447033 /* Interface.cpp */; };
		0A225C40199F8C4800447033 /* Internal.cpp in Sources */ = {isa = PBXBuildFile; fileRef = 0A225C1D199F8C4800447033 /* Internal.cpp */; };
		0A225C41199F8C4800447033 /* Lex.cpp in Sources */ = {isa = PBXBuildFile; fileRef = 0A225C1F199F8C4800447033 /* Lex.cpp */; };
		0A225C42199F8C4800447033 /* LexNode.cpp in Sources */ = {isa = PBXBuildFile; fileRef = 0A225C21199F8C4800447033 /* LexNode.cpp */; };
		0A225C43199F8C4800447033 /* Method.cpp in Sources */ = {isa = PBXBuildFile; fileRef = 0A225C23199F8C4800447033 /* Method.cpp */; };
		0A225C44199F8C4800447033 /* Node.cpp in Sources */ = {isa = PBXBuildFile; fileRef = 0A225C25199F8C4800447033 /* Node.cpp */; };
		0A225C45199F8C4800447033 /* NodeBuilder.cpp in Sources */ = {isa = PBXBuildFile; fileRef = 0A225C27199F8C4800447033 /* NodeBuilder.cpp */; };
		0A225C46199F8C4800447033 /* Object.cpp in Sources */ = {isa = PBXBuildFile; fileRef = 0A225C29199F8C4800447033 /* Object.cpp */; };
		0A225C47199F8C4800447033 /* Scope.cpp in Sources */ = {isa = PBXBuildFile; fileRef = 0A225C2B199F8C4800447033 /* Scope.cpp */; };
		0A225C48199F8C4800447033 /* ScopeBuilder.cpp in Sources */ = {isa = PBXBuildFile; fileRef = 0A225C2D199F8C4800447033 /* ScopeBuilder.cpp */; };
		0A225C49199F8C4800447033 /* Script.cpp in Sources */ = {isa = PBXBuildFile; fileRef = 0A225C2F199F8C4800447033 /* Script.cpp */; };
		0A225C4A199F8C4800447033 /* Segment.cpp in Sources */ = {isa = PBXBuildFile; fileRef = 0A225C31199F8C4800447033 /* Segment.cpp */; };
		0A225C4B199F8C4800447033 /* SegmentBuilder.cpp in Sources */ = {isa = PBXBuildFile; fileRef = 0A225C33199F8C4800447033 /* SegmentBuilder.cpp */; };
		0A225C4C199F8C4800447033 /* SegmentLinker.cpp in Sources */ = {isa = PBXBuildFile; fileRef = 0A225C35199F8C4800447033 /* SegmentLinker.cpp */; };
		0A225C4E199F8C4800447033 /* Variable.cpp in Sources */ = {isa = PBXBuildFile; fileRef = 0A225C39199F8C4800447033 /* Variable.cpp */; };
		0A225C61199F8C6500447033 /* Assembler.cpp in Sources */ = {isa = PBXBuildFile; fileRef = 0A225C4F199F8C6500447033 /* Assembler.cpp */; };
		0A225C62199F8C6500447033 /* ByteCodePrinter.cpp in Sources */ = {isa = PBXBuildFile; fileRef = 0A225C51199F8C6500447033 /* ByteCodePrinter.cpp */; };
		0A225C63199F8C6500447033 /* CodeAnalizer.cpp in Sources */ = {isa = PBXBuildFile; fileRef = 0A225C53199F8C6500447033 /* CodeAnalizer.cpp */; };
		0A225C64199F8C6500447033 /* Compiler.cpp in Sources */ = {isa = PBXBuildFile; fileRef = 0A225C55199F8C6500447033 /* Compiler.cpp */; };
		0A225C65199F8C6500447033 /* Define.cpp in Sources */ = {isa = PBXBuildFile; fileRef = 0A225C57199F8C6500447033 /* Define.cpp */; };
		0A225C66199F8C6500447033 /* Internal.cpp in Sources */ = {isa = PBXBuildFile; fileRef = 0A225C59199F8C6500447033 /* Internal.cpp */; };
		0A225C67199F8C6500447033 /* LowLevelStack.cpp in Sources */ = {isa = PBXBuildFile; fileRef = 0A225C5B199F8C6500447033 /* LowLevelStack.cpp */; };
		0A225C68199F8C6500447033 /* Register.cpp in Sources */ = {isa = PBXBuildFile; fileRef = 0A225C5D199F8C6500447033 /* Register.cpp */; };
		0A225C69199F8C6500447033 /* VirtualCompiler.cpp in Sources */ = {isa = PBXBuildFile; fileRef = 0A225C5F199F8C6500447033 /* VirtualCompiler.cpp */; };
		0A35490D19A3C1CA006C2756 /* OpenGL.framework in Frameworks */ = {isa = PBXBuildFile; fileRef = 0A35490C19A3C1CA006C2756 /* OpenGL.framework */; };
		0A35490F19A3C1CE006C2756 /* GLUT.framework in Frameworks */ = {isa = PBXBuildFile; fileRef = 0A35490E19A3C1CE006C2756 /* GLUT.framework */; };
		0A5D0839197A878F00D0049F /* adler32.c in Sources */ = {isa = PBXBuildFile; fileRef = 0A5D081F197A878F00D0049F /* adler32.c */; };
		0A5D083A197A878F00D0049F /* compress.c in Sources */ = {isa = PBXBuildFile; fileRef = 0A5D0820197A878F00D0049F /* compress.c */; };
		0A5D083B197A878F00D0049F /* crc32.c in Sources */ = {isa = PBXBuildFile; fileRef = 0A5D0821197A878F00D0049F /* crc32.c */; };
		0A5D083C197A878F00D0049F /* deflate.c in Sources */ = {isa = PBXBuildFile; fileRef = 0A5D0823197A878F00D0049F /* deflate.c */; };
		0A5D083D197A878F00D0049F /* gzclose.c in Sources */ = {isa = PBXBuildFile; fileRef = 0A5D0825197A878F00D0049F /* gzclose.c */; };
		0A5D083E197A878F00D0049F /* gzlib.c in Sources */ = {isa = PBXBuildFile; fileRef = 0A5D0827197A878F00D0049F /* gzlib.c */; };
		0A5D083F197A878F00D0049F /* gzread.c in Sources */ = {isa = PBXBuildFile; fileRef = 0A5D0828197A878F00D0049F /* gzread.c */; };
		0A5D0840197A878F00D0049F /* gzwrite.c in Sources */ = {isa = PBXBuildFile; fileRef = 0A5D0829197A878F00D0049F /* gzwrite.c */; };
		0A5D0841197A878F00D0049F /* infback.c in Sources */ = {isa = PBXBuildFile; fileRef = 0A5D082A197A878F00D0049F /* infback.c */; };
		0A5D0842197A878F00D0049F /* inffast.c in Sources */ = {isa = PBXBuildFile; fileRef = 0A5D082B197A878F00D0049F /* inffast.c */; };
		0A5D0843197A878F00D0049F /* inflate.c in Sources */ = {isa = PBXBuildFile; fileRef = 0A5D082E197A878F00D0049F /* inflate.c */; };
		0A5D0844197A878F00D0049F /* inftrees.c in Sources */ = {isa = PBXBuildFile; fileRef = 0A5D0830197A878F00D0049F /* inftrees.c */; };
		0A5D0845197A878F00D0049F /* trees.c in Sources */ = {isa = PBXBuildFile; fileRef = 0A5D0832197A878F00D0049F /* trees.c */; };
		0A5D0846197A878F00D0049F /* uncompr.c in Sources */ = {isa = PBXBuildFile; fileRef = 0A5D0834197A878F00D0049F /* uncompr.c */; };
		0A5D0847197A878F00D0049F /* zutil.c in Sources */ = {isa = PBXBuildFile; fileRef = 0A5D0837197A878F00D0049F /* zutil.c */; };
		0A5F676018E1DED800CA603F /* lame.1 in CopyFiles */ = {isa = PBXBuildFile; fileRef = 0A5F675F18E1DED800CA603F /* lame.1 */; };
		0A5F88E2195FE82C00975945 /* BmpLoader.cpp in Sources */ = {isa = PBXBuildFile; fileRef = 0A5F88BA195FE82C00975945 /* BmpLoader.cpp */; };
		0A5F88E3195FE82C00975945 /* Define.cpp in Sources */ = {isa = PBXBuildFile; fileRef = 0A5F88BB195FE82C00975945 /* Define.cpp */; };
		0A5F88E4195FE82C00975945 /* JpegLoader.cpp in Sources */ = {isa = PBXBuildFile; fileRef = 0A5F88BD195FE82C00975945 /* JpegLoader.cpp */; };
		0A5F88E5195FE82C00975945 /* PngLoader.cpp in Sources */ = {isa = PBXBuildFile; fileRef = 0A5F88BE195FE82C00975945 /* PngLoader.cpp */; };
		0A5F88E6195FE82C00975945 /* Resource.cpp in Sources */ = {isa = PBXBuildFile; fileRef = 0A5F88BF195FE82C00975945 /* Resource.cpp */; };
		0A5F88E7195FE82C00975945 /* ResourceContainer.cpp in Sources */ = {isa = PBXBuildFile; fileRef = 0A5F88C1195FE82C00975945 /* ResourceContainer.cpp */; };
		0A5F88E8195FE82C00975945 /* TgaLoader.cpp in Sources */ = {isa = PBXBuildFile; fileRef = 0A5F88C4195FE82C00975945 /* TgaLoader.cpp */; };
		0A5F88E9195FE82C00975945 /* WavLoader.cpp in Sources */ = {isa = PBXBuildFile; fileRef = 0A5F88C6195FE82C00975945 /* WavLoader.cpp */; };
		0A79447319A21638000ED8DD /* VariableStack.cpp in Sources */ = {isa = PBXBuildFile; fileRef = 0A79447119A21638000ED8DD /* VariableStack.cpp */; };
		0A89525518E1E2F900BE07E1 /* Main.cpp in Sources */ = {isa = PBXBuildFile; fileRef = 0A89525318E1E2F900BE07E1 /* Main.cpp */; };
		0AA77E84192F21450003484B /* png.c in Sources */ = {isa = PBXBuildFile; fileRef = 0AA77E6E192F21450003484B /* png.c */; };
		0AA77E85192F21450003484B /* pngerror.c in Sources */ = {isa = PBXBuildFile; fileRef = 0AA77E72192F21450003484B /* pngerror.c */; };
		0AA77E86192F21450003484B /* pngget.c in Sources */ = {isa = PBXBuildFile; fileRef = 0AA77E73192F21450003484B /* pngget.c */; };
		0AA77E87192F21450003484B /* pngmem.c in Sources */ = {isa = PBXBuildFile; fileRef = 0AA77E76192F21450003484B /* pngmem.c */; };
		0AA77E88192F21450003484B /* pngpread.c in Sources */ = {isa = PBXBuildFile; fileRef = 0AA77E77192F21450003484B /* pngpread.c */; };
		0AA77E89192F21450003484B /* pngread.c in Sources */ = {isa = PBXBuildFile; fileRef = 0AA77E79192F21450003484B /* pngread.c */; };
		0AA77E8A192F21450003484B /* pngrio.c in Sources */ = {isa = PBXBuildFile; fileRef = 0AA77E7A192F21450003484B /* pngrio.c */; };
		0AA77E8B192F21450003484B /* pngrtran.c in Sources */ = {isa = PBXBuildFile; fileRef = 0AA77E7B192F21450003484B /* pngrtran.c */; };
		0AA77E8C192F21450003484B /* pngrutil.c in Sources */ = {isa = PBXBuildFile; fileRef = 0AA77E7C192F21450003484B /* pngrutil.c */; };
		0AA77E8D192F21450003484B /* pngset.c in Sources */ = {isa = PBXBuildFile; fileRef = 0AA77E7D192F21450003484B /* pngset.c */; };
		0AA77E8E192F21450003484B /* pngtrans.c in Sources */ = {isa = PBXBuildFile; fileRef = 0AA77E7F192F21450003484B /* pngtrans.c */; };
		0AA77E8F192F21450003484B /* pngwio.c in Sources */ = {isa = PBXBuildFile; fileRef = 0AA77E80192F21450003484B /* pngwio.c */; };
		0AA77E90192F21450003484B /* pngwrite.c in Sources */ = {isa = PBXBuildFile; fileRef = 0AA77E81192F21450003484B /* pngwrite.c */; };
		0AA77E91192F21450003484B /* pngwtran.c in Sources */ = {isa = PBXBuildFile; fileRef = 0AA77E82192F21450003484B /* pngwtran.c */; };
		0AA77E92192F21450003484B /* pngwutil.c in Sources */ = {isa = PBXBuildFile; fileRef = 0AA77E83192F21450003484B /* pngwutil.c */; };
		0AA77ECA192F214D0003484B /* jaricom.c in Sources */ = {isa = PBXBuildFile; fileRef = 0AA77E93192F214D0003484B /* jaricom.c */; };
		0AA77ECB192F214D0003484B /* jcapimin.c in Sources */ = {isa = PBXBuildFile; fileRef = 0AA77E94192F214D0003484B /* jcapimin.c */; };
		0AA77ECC192F214D0003484B /* jcapistd.c in Sources */ = {isa = PBXBuildFile; fileRef = 0AA77E95192F214D0003484B /* jcapistd.c */; };
		0AA77ECD192F214D0003484B /* jcarith.c in Sources */ = {isa = PBXBuildFile; fileRef = 0AA77E96192F214D0003484B /* jcarith.c */; };
		0AA77ECE192F214D0003484B /* jccoefct.c in Sources */ = {isa = PBXBuildFile; fileRef = 0AA77E97192F214D0003484B /* jccoefct.c */; };
		0AA77ECF192F214D0003484B /* jccolor.c in Sources */ = {isa = PBXBuildFile; fileRef = 0AA77E98192F214D0003484B /* jccolor.c */; };
		0AA77ED0192F214D0003484B /* jcdctmgr.c in Sources */ = {isa = PBXBuildFile; fileRef = 0AA77E99192F214D0003484B /* jcdctmgr.c */; };
		0AA77ED1192F214D0003484B /* jchuff.c in Sources */ = {isa = PBXBuildFile; fileRef = 0AA77E9A192F214D0003484B /* jchuff.c */; };
		0AA77ED2192F214D0003484B /* jcinit.c in Sources */ = {isa = PBXBuildFile; fileRef = 0AA77E9B192F214D0003484B /* jcinit.c */; };
		0AA77ED3192F214D0003484B /* jcmainct.c in Sources */ = {isa = PBXBuildFile; fileRef = 0AA77E9C192F214D0003484B /* jcmainct.c */; };
		0AA77ED4192F214D0003484B /* jcmarker.c in Sources */ = {isa = PBXBuildFile; fileRef = 0AA77E9D192F214D0003484B /* jcmarker.c */; };
		0AA77ED5192F214D0003484B /* jcmaster.c in Sources */ = {isa = PBXBuildFile; fileRef = 0AA77E9E192F214D0003484B /* jcmaster.c */; };
		0AA77ED6192F214D0003484B /* jcomapi.c in Sources */ = {isa = PBXBuildFile; fileRef = 0AA77E9F192F214D0003484B /* jcomapi.c */; };
		0AA77ED7192F214D0003484B /* jcparam.c in Sources */ = {isa = PBXBuildFile; fileRef = 0AA77EA1192F214D0003484B /* jcparam.c */; };
		0AA77ED8192F214D0003484B /* jcprepct.c in Sources */ = {isa = PBXBuildFile; fileRef = 0AA77EA2192F214D0003484B /* jcprepct.c */; };
		0AA77ED9192F214D0003484B /* jcsample.c in Sources */ = {isa = PBXBuildFile; fileRef = 0AA77EA3192F214D0003484B /* jcsample.c */; };
		0AA77EDA192F214D0003484B /* jctrans.c in Sources */ = {isa = PBXBuildFile; fileRef = 0AA77EA4192F214D0003484B /* jctrans.c */; };
		0AA77EDB192F214D0003484B /* jdapimin.c in Sources */ = {isa = PBXBuildFile; fileRef = 0AA77EA5192F214D0003484B /* jdapimin.c */; };
		0AA77EDC192F214D0003484B /* jdapistd.c in Sources */ = {isa = PBXBuildFile; fileRef = 0AA77EA6192F214D0003484B /* jdapistd.c */; };
		0AA77EDD192F214D0003484B /* jdarith.c in Sources */ = {isa = PBXBuildFile; fileRef = 0AA77EA7192F214D0003484B /* jdarith.c */; };
		0AA77EDE192F214D0003484B /* jdatadst.c in Sources */ = {isa = PBXBuildFile; fileRef = 0AA77EA8192F214D0003484B /* jdatadst.c */; };
		0AA77EDF192F214D0003484B /* jdatasrc.c in Sources */ = {isa = PBXBuildFile; fileRef = 0AA77EA9192F214D0003484B /* jdatasrc.c */; };
		0AA77EE0192F214D0003484B /* jdcoefct.c in Sources */ = {isa = PBXBuildFile; fileRef = 0AA77EAA192F214D0003484B /* jdcoefct.c */; };
		0AA77EE1192F214D0003484B /* jdcolor.c in Sources */ = {isa = PBXBuildFile; fileRef = 0AA77EAB192F214D0003484B /* jdcolor.c */; };
		0AA77EE2192F214D0003484B /* jddctmgr.c in Sources */ = {isa = PBXBuildFile; fileRef = 0AA77EAD192F214D0003484B /* jddctmgr.c */; };
		0AA77EE3192F214D0003484B /* jdhuff.c in Sources */ = {isa = PBXBuildFile; fileRef = 0AA77EAE192F214D0003484B /* jdhuff.c */; };
		0AA77EE4192F214D0003484B /* jdinput.c in Sources */ = {isa = PBXBuildFile; fileRef = 0AA77EAF192F214D0003484B /* jdinput.c */; };
		0AA77EE5192F214D0003484B /* jdmainct.c in Sources */ = {isa = PBXBuildFile; fileRef = 0AA77EB0192F214D0003484B /* jdmainct.c */; };
		0AA77EE6192F214D0003484B /* jdmarker.c in Sources */ = {isa = PBXBuildFile; fileRef = 0AA77EB1192F214D0003484B /* jdmarker.c */; };
		0AA77EE7192F214D0003484B /* jdmaster.c in Sources */ = {isa = PBXBuildFile; fileRef = 0AA77EB2192F214D0003484B /* jdmaster.c */; };
		0AA77EE8192F214D0003484B /* jdmerge.c in Sources */ = {isa = PBXBuildFile; fileRef = 0AA77EB3192F214D0003484B /* jdmerge.c */; };
		0AA77EE9192F214D0003484B /* jdpostct.c in Sources */ = {isa = PBXBuildFile; fileRef = 0AA77EB4192F214D0003484B /* jdpostct.c */; };
		0AA77EEA192F214D0003484B /* jdsample.c in Sources */ = {isa = PBXBuildFile; fileRef = 0AA77EB5192F214D0003484B /* jdsample.c */; };
		0AA77EEB192F214D0003484B /* jdtrans.c in Sources */ = {isa = PBXBuildFile; fileRef = 0AA77EB6192F214D0003484B /* jdtrans.c */; };
		0AA77EEC192F214D0003484B /* jerror.c in Sources */ = {isa = PBXBuildFile; fileRef = 0AA77EB7192F214D0003484B /* jerror.c */; };
		0AA77EED192F214D0003484B /* jfdctflt.c in Sources */ = {isa = PBXBuildFile; fileRef = 0AA77EB9192F214D0003484B /* jfdctflt.c */; };
		0AA77EEE192F214D0003484B /* jfdctfst.c in Sources */ = {isa = PBXBuildFile; fileRef = 0AA77EBA192F214D0003484B /* jfdctfst.c */; };
		0AA77EEF192F214D0003484B /* jfdctint.c in Sources */ = {isa = PBXBuildFile; fileRef = 0AA77EBB192F214D0003484B /* jfdctint.c */; };
		0AA77EF0192F214D0003484B /* jidctflt.c in Sources */ = {isa = PBXBuildFile; fileRef = 0AA77EBC192F214D0003484B /* jidctflt.c */; };
		0AA77EF1192F214D0003484B /* jidctfst.c in Sources */ = {isa = PBXBuildFile; fileRef = 0AA77EBD192F214D0003484B /* jidctfst.c */; };
		0AA77EF2192F214D0003484B /* jidctint.c in Sources */ = {isa = PBXBuildFile; fileRef = 0AA77EBE192F214D0003484B /* jidctint.c */; };
		0AA77EF3192F214D0003484B /* jmemmgr.c in Sources */ = {isa = PBXBuildFile; fileRef = 0AA77EC0192F214D0003484B /* jmemmgr.c */; };
		0AA77EF4192F214D0003484B /* jmemnobs.c in Sources */ = {isa = PBXBuildFile; fileRef = 0AA77EC1192F214D0003484B /* jmemnobs.c */; };
		0AA77EF5192F214D0003484B /* jquant1.c in Sources */ = {isa = PBXBuildFile; fileRef = 0AA77EC6192F214D0003484B /* jquant1.c */; };
		0AA77EF6192F214D0003484B /* jquant2.c in Sources */ = {isa = PBXBuildFile; fileRef = 0AA77EC7192F214D0003484B /* jquant2.c */; };
		0AA77EF7192F214D0003484B /* jutils.c in Sources */ = {isa = PBXBuildFile; fileRef = 0AA77EC8192F214D0003484B /* jutils.c */; };
		0AAAC5D119A4B4350019BDAF /* CodeTranslator.cpp in Sources */ = {isa = PBXBuildFile; fileRef = 0AAAC5CF19A4B4350019BDAF /* CodeTranslator.cpp */; };
		0ABE68BD197A83DB00563949 /* Any.cpp in Sources */ = {isa = PBXBuildFile; fileRef = 0ABE67E6197A83DA00563949 /* Any.cpp */; };
		0ABE68BE197A83DB00563949 /* Atomic.cpp in Sources */ = {isa = PBXBuildFile; fileRef = 0ABE67E8197A83DA00563949 /* Atomic.cpp */; };
		0ABE68BF197A83DB00563949 /* Buffer.cpp in Sources */ = {isa = PBXBuildFile; fileRef = 0ABE67EA197A83DA00563949 /* Buffer.cpp */; };
		0ABE68C0197A83DB00563949 /* Condition.cpp in Sources */ = {isa = PBXBuildFile; fileRef = 0ABE67EC197A83DA00563949 /* Condition.cpp */; };
		0ABE68C1197A83DB00563949 /* Console.cpp in Sources */ = {isa = PBXBuildFile; fileRef = 0ABE67EE197A83DA00563949 /* Console.cpp */; };
		0ABE68C2197A83DB00563949 /* Core.cpp in Sources */ = {isa = PBXBuildFile; fileRef = 0ABE67F0197A83DA00563949 /* Core.cpp */; };
		0ABE68C3197A83DB00563949 /* Define.cpp in Sources */ = {isa = PBXBuildFile; fileRef = 0ABE67F2197A83DA00563949 /* Define.cpp */; };
		0ABE68C4197A83DB00563949 /* Directory.cpp in Sources */ = {isa = PBXBuildFile; fileRef = 0ABE67F4197A83DA00563949 /* Directory.cpp */; };
		0ABE68C5197A83DB00563949 /* Exception.cpp in Sources */ = {isa = PBXBuildFile; fileRef = 0ABE67F6197A83DA00563949 /* Exception.cpp */; };
		0ABE68C6197A83DB00563949 /* File.cpp in Sources */ = {isa = PBXBuildFile; fileRef = 0ABE67F8197A83DA00563949 /* File.cpp */; };
		0ABE68C8197A83DB00563949 /* Hashable.cpp in Sources */ = {isa = PBXBuildFile; fileRef = 0ABE67FC197A83DA00563949 /* Hashable.cpp */; };
		0ABE68C9197A83DB00563949 /* List.cpp in Sources */ = {isa = PBXBuildFile; fileRef = 0ABE67FE197A83DA00563949 /* List.cpp */; };
		0ABE68CA197A83DB00563949 /* Locker.cpp in Sources */ = {isa = PBXBuildFile; fileRef = 0ABE6800197A83DA00563949 /* Locker.cpp */; };
		0ABE68CB197A83DB00563949 /* Math.cpp in Sources */ = {isa = PBXBuildFile; fileRef = 0ABE6802197A83DA00563949 /* Math.cpp */; };
		0ABE68CC197A83DB00563949 /* Mutex.cpp in Sources */ = {isa = PBXBuildFile; fileRef = 0ABE6804197A83DA00563949 /* Mutex.cpp */; };
		0ABE68CD197A83DB00563949 /* Observable.cpp in Sources */ = {isa = PBXBuildFile; fileRef = 0ABE6806197A83DA00563949 /* Observable.cpp */; };
		0ABE6969197A83DB00563949 /* SharedPtr.cpp in Sources */ = {isa = PBXBuildFile; fileRef = 0ABE68AB197A83DB00563949 /* SharedPtr.cpp */; };
		0ABE696A197A83DB00563949 /* Stream.cpp in Sources */ = {isa = PBXBuildFile; fileRef = 0ABE68AD197A83DB00563949 /* Stream.cpp */; };
		0ABE696B197A83DB00563949 /* Thread.cpp in Sources */ = {isa = PBXBuildFile; fileRef = 0ABE68AF197A83DB00563949 /* Thread.cpp */; };
		0ABE696C197A83DB00563949 /* Throwable.cpp in Sources */ = {isa = PBXBuildFile; fileRef = 0ABE68B1197A83DB00563949 /* Throwable.cpp */; };
		0ABE696D197A83DB00563949 /* ThrowableAdapter.cpp in Sources */ = {isa = PBXBuildFile; fileRef = 0ABE68B3197A83DB00563949 /* ThrowableAdapter.cpp */; };
		0ABE696E197A83DB00563949 /* Time.cpp in Sources */ = {isa = PBXBuildFile; fileRef = 0ABE68B5197A83DB00563949 /* Time.cpp */; };
		0ABE696F197A83DB00563949 /* Timer.cpp in Sources */ = {isa = PBXBuildFile; fileRef = 0ABE68B7197A83DB00563949 /* Timer.cpp */; };
		0ABE6970197A83DB00563949 /* Types.cpp in Sources */ = {isa = PBXBuildFile; fileRef = 0ABE68B9197A83DB00563949 /* Types.cpp */; };
		0ABE6971197A83DB00563949 /* WaitManager.cpp in Sources */ = {isa = PBXBuildFile; fileRef = 0ABE68BB197A83DB00563949 /* WaitManager.cpp */; };
/* End PBXBuildFile section */

/* Begin PBXCopyFilesBuildPhase section */
		0A5F675818E1DED800CA603F /* CopyFiles */ = {
			isa = PBXCopyFilesBuildPhase;
			buildActionMask = 2147483647;
			dstPath = /usr/share/man/man1/;
			dstSubfolderSpec = 0;
			files = (
				0A5F676018E1DED800CA603F /* lame.1 in CopyFiles */,
			);
			runOnlyForDeploymentPostprocessing = 1;
		};
/* End PBXCopyFilesBuildPhase section */

/* Begin PBXFileReference section */
		0A225C13199F8C4800447033 /* Class.cpp */ = {isa = PBXFileReference; fileEncoding = 4; lastKnownFileType = sourcecode.cpp.cpp; name = Class.cpp; path = ../source/Script/Class.cpp; sourceTree = "<group>"; };
		0A225C14199F8C4800447033 /* Class.h */ = {isa = PBXFileReference; fileEncoding = 4; lastKnownFileType = sourcecode.c.h; name = Class.h; path = ../source/Script/Class.h; sourceTree = "<group>"; };
		0A225C15199F8C4800447033 /* Define.cpp */ = {isa = PBXFileReference; fileEncoding = 4; lastKnownFileType = sourcecode.cpp.cpp; name = Define.cpp; path = ../source/Script/Define.cpp; sourceTree = "<group>"; };
		0A225C16199F8C4800447033 /* Define.h */ = {isa = PBXFileReference; fileEncoding = 4; lastKnownFileType = sourcecode.c.h; name = Define.h; path = ../source/Script/Define.h; sourceTree = "<group>"; };
		0A225C17199F8C4800447033 /* Exception.cpp */ = {isa = PBXFileReference; fileEncoding = 4; lastKnownFileType = sourcecode.cpp.cpp; name = Exception.cpp; path = ../source/Script/Exception.cpp; sourceTree = "<group>"; };
		0A225C18199F8C4800447033 /* Exception.h */ = {isa = PBXFileReference; fileEncoding = 4; lastKnownFileType = sourcecode.c.h; name = Exception.h; path = ../source/Script/Exception.h; sourceTree = "<group>"; };
		0A225C19199F8C4800447033 /* FileParser.cpp */ = {isa = PBXFileReference; fileEncoding = 4; lastKnownFileType = sourcecode.cpp.cpp; name = FileParser.cpp; path = ../source/Script/FileParser.cpp; sourceTree = "<group>"; };
		0A225C1A199F8C4800447033 /* FileParser.h */ = {isa = PBXFileReference; fileEncoding = 4; lastKnownFileType = sourcecode.c.h; name = FileParser.h; path = ../source/Script/FileParser.h; sourceTree = "<group>"; };
		0A225C1B199F8C4800447033 /* Interface.cpp */ = {isa = PBXFileReference; fileEncoding = 4; lastKnownFileType = sourcecode.cpp.cpp; name = Interface.cpp; path = ../source/Script/Interface.cpp; sourceTree = "<group>"; };
		0A225C1C199F8C4800447033 /* Interface.h */ = {isa = PBXFileReference; fileEncoding = 4; lastKnownFileType = sourcecode.c.h; name = Interface.h; path = ../source/Script/Interface.h; sourceTree = "<group>"; };
		0A225C1D199F8C4800447033 /* Internal.cpp */ = {isa = PBXFileReference; fileEncoding = 4; lastKnownFileType = sourcecode.cpp.cpp; name = Internal.cpp; path = ../source/Script/Internal.cpp; sourceTree = "<group>"; };
		0A225C1E199F8C4800447033 /* Internal.h */ = {isa = PBXFileReference; fileEncoding = 4; lastKnownFileType = sourcecode.c.h; name = Internal.h; path = ../source/Script/Internal.h; sourceTree = "<group>"; };
		0A225C1F199F8C4800447033 /* Lex.cpp */ = {isa = PBXFileReference; fileEncoding = 4; lastKnownFileType = sourcecode.cpp.cpp; name = Lex.cpp; path = ../source/Script/Lex.cpp; sourceTree = "<group>"; };
		0A225C20199F8C4800447033 /* Lex.h */ = {isa = PBXFileReference; fileEncoding = 4; lastKnownFileType = sourcecode.c.h; name = Lex.h; path = ../source/Script/Lex.h; sourceTree = "<group>"; };
		0A225C21199F8C4800447033 /* LexNode.cpp */ = {isa = PBXFileReference; fileEncoding = 4; lastKnownFileType = sourcecode.cpp.cpp; name = LexNode.cpp; path = ../source/Script/LexNode.cpp; sourceTree = "<group>"; };
		0A225C22199F8C4800447033 /* LexNode.h */ = {isa = PBXFileReference; fileEncoding = 4; lastKnownFileType = sourcecode.c.h; name = LexNode.h; path = ../source/Script/LexNode.h; sourceTree = "<group>"; };
		0A225C23199F8C4800447033 /* Method.cpp */ = {isa = PBXFileReference; fileEncoding = 4; lastKnownFileType = sourcecode.cpp.cpp; name = Method.cpp; path = ../source/Script/Method.cpp; sourceTree = "<group>"; };
		0A225C24199F8C4800447033 /* Method.h */ = {isa = PBXFileReference; fileEncoding = 4; lastKnownFileType = sourcecode.c.h; name = Method.h; path = ../source/Script/Method.h; sourceTree = "<group>"; };
		0A225C25199F8C4800447033 /* Node.cpp */ = {isa = PBXFileReference; fileEncoding = 4; lastKnownFileType = sourcecode.cpp.cpp; name = Node.cpp; path = ../source/Script/Node.cpp; sourceTree = "<group>"; };
		0A225C26199F8C4800447033 /* Node.h */ = {isa = PBXFileReference; fileEncoding = 4; lastKnownFileType = sourcecode.c.h; name = Node.h; path = ../source/Script/Node.h; sourceTree = "<group>"; };
		0A225C27199F8C4800447033 /* NodeBuilder.cpp */ = {isa = PBXFileReference; fileEncoding = 4; lastKnownFileType = sourcecode.cpp.cpp; name = NodeBuilder.cpp; path = ../source/Script/NodeBuilder.cpp; sourceTree = "<group>"; };
		0A225C28199F8C4800447033 /* NodeBuilder.h */ = {isa = PBXFileReference; fileEncoding = 4; lastKnownFileType = sourcecode.c.h; name = NodeBuilder.h; path = ../source/Script/NodeBuilder.h; sourceTree = "<group>"; };
		0A225C29199F8C4800447033 /* Object.cpp */ = {isa = PBXFileReference; fileEncoding = 4; lastKnownFileType = sourcecode.cpp.cpp; name = Object.cpp; path = ../source/Script/Object.cpp; sourceTree = "<group>"; };
		0A225C2A199F8C4800447033 /* Object.h */ = {isa = PBXFileReference; fileEncoding = 4; lastKnownFileType = sourcecode.c.h; name = Object.h; path = ../source/Script/Object.h; sourceTree = "<group>"; };
		0A225C2B199F8C4800447033 /* Scope.cpp */ = {isa = PBXFileReference; fileEncoding = 4; lastKnownFileType = sourcecode.cpp.cpp; name = Scope.cpp; path = ../source/Script/Scope.cpp; sourceTree = "<group>"; };
		0A225C2C199F8C4800447033 /* Scope.h */ = {isa = PBXFileReference; fileEncoding = 4; lastKnownFileType = sourcecode.c.h; name = Scope.h; path = ../source/Script/Scope.h; sourceTree = "<group>"; };
		0A225C2D199F8C4800447033 /* ScopeBuilder.cpp */ = {isa = PBXFileReference; fileEncoding = 4; lastKnownFileType = sourcecode.cpp.cpp; name = ScopeBuilder.cpp; path = ../source/Script/ScopeBuilder.cpp; sourceTree = "<group>"; };
		0A225C2E199F8C4800447033 /* ScopeBuilder.h */ = {isa = PBXFileReference; fileEncoding = 4; lastKnownFileType = sourcecode.c.h; name = ScopeBuilder.h; path = ../source/Script/ScopeBuilder.h; sourceTree = "<group>"; };
		0A225C2F199F8C4800447033 /* Script.cpp */ = {isa = PBXFileReference; fileEncoding = 4; lastKnownFileType = sourcecode.cpp.cpp; name = Script.cpp; path = ../source/Script/Script.cpp; sourceTree = "<group>"; };
		0A225C30199F8C4800447033 /* Script.h */ = {isa = PBXFileReference; fileEncoding = 4; lastKnownFileType = sourcecode.c.h; name = Script.h; path = ../source/Script/Script.h; sourceTree = "<group>"; };
		0A225C31199F8C4800447033 /* Segment.cpp */ = {isa = PBXFileReference; fileEncoding = 4; lastKnownFileType = sourcecode.cpp.cpp; name = Segment.cpp; path = ../source/Script/Segment.cpp; sourceTree = "<group>"; };
		0A225C32199F8C4800447033 /* Segment.h */ = {isa = PBXFileReference; fileEncoding = 4; lastKnownFileType = sourcecode.c.h; name = Segment.h; path = ../source/Script/Segment.h; sourceTree = "<group>"; };
		0A225C33199F8C4800447033 /* SegmentBuilder.cpp */ = {isa = PBXFileReference; fileEncoding = 4; lastKnownFileType = sourcecode.cpp.cpp; name = SegmentBuilder.cpp; path = ../source/Script/SegmentBuilder.cpp; sourceTree = "<group>"; };
		0A225C34199F8C4800447033 /* SegmentBuilder.h */ = {isa = PBXFileReference; fileEncoding = 4; lastKnownFileType = sourcecode.c.h; name = SegmentBuilder.h; path = ../source/Script/SegmentBuilder.h; sourceTree = "<group>"; };
		0A225C35199F8C4800447033 /* SegmentLinker.cpp */ = {isa = PBXFileReference; fileEncoding = 4; lastKnownFileType = sourcecode.cpp.cpp; name = SegmentLinker.cpp; path = ../source/Script/SegmentLinker.cpp; sourceTree = "<group>"; };
		0A225C36199F8C4800447033 /* SegmentLinker.h */ = {isa = PBXFileReference; fileEncoding = 4; lastKnownFileType = sourcecode.c.h; name = SegmentLinker.h; path = ../source/Script/SegmentLinker.h; sourceTree = "<group>"; };
		0A225C39199F8C4800447033 /* Variable.cpp */ = {isa = PBXFileReference; fileEncoding = 4; lastKnownFileType = sourcecode.cpp.cpp; name = Variable.cpp; path = ../source/Script/Variable.cpp; sourceTree = "<group>"; };
		0A225C3A199F8C4800447033 /* Variable.h */ = {isa = PBXFileReference; fileEncoding = 4; lastKnownFileType = sourcecode.c.h; name = Variable.h; path = ../source/Script/Variable.h; sourceTree = "<group>"; };
		0A225C4F199F8C6500447033 /* Assembler.cpp */ = {isa = PBXFileReference; fileEncoding = 4; lastKnownFileType = sourcecode.cpp.cpp; name = Assembler.cpp; path = ../source/Compiler/Assembler.cpp; sourceTree = "<group>"; };
		0A225C50199F8C6500447033 /* Assembler.h */ = {isa = PBXFileReference; fileEncoding = 4; lastKnownFileType = sourcecode.c.h; name = Assembler.h; path = ../source/Compiler/Assembler.h; sourceTree = "<group>"; };
		0A225C51199F8C6500447033 /* ByteCodePrinter.cpp */ = {isa = PBXFileReference; fileEncoding = 4; lastKnownFileType = sourcecode.cpp.cpp; name = ByteCodePrinter.cpp; path = ../source/Compiler/ByteCodePrinter.cpp; sourceTree = "<group>"; };
		0A225C52199F8C6500447033 /* ByteCodePrinter.h */ = {isa = PBXFileReference; fileEncoding = 4; lastKnownFileType = sourcecode.c.h; name = ByteCodePrinter.h; path = ../source/Compiler/ByteCodePrinter.h; sourceTree = "<group>"; };
		0A225C53199F8C6500447033 /* CodeAnalizer.cpp */ = {isa = PBXFileReference; fileEncoding = 4; lastKnownFileType = sourcecode.cpp.cpp; name = CodeAnalizer.cpp; path = ../source/Compiler/CodeAnalizer.cpp; sourceTree = "<group>"; };
		0A225C54199F8C6500447033 /* CodeAnalizer.h */ = {isa = PBXFileReference; fileEncoding = 4; lastKnownFileType = sourcecode.c.h; name = CodeAnalizer.h; path = ../source/Compiler/CodeAnalizer.h; sourceTree = "<group>"; };
		0A225C55199F8C6500447033 /* Compiler.cpp */ = {isa = PBXFileReference; fileEncoding = 4; lastKnownFileType = sourcecode.cpp.cpp; name = Compiler.cpp; path = ../source/Compiler/Compiler.cpp; sourceTree = "<group>"; };
		0A225C56199F8C6500447033 /* Compiler.h */ = {isa = PBXFileReference; fileEncoding = 4; lastKnownFileType = sourcecode.c.h; name = Compiler.h; path = ../source/Compiler/Compiler.h; sourceTree = "<group>"; };
		0A225C57199F8C6500447033 /* Define.cpp */ = {isa = PBXFileReference; fileEncoding = 4; lastKnownFileType = sourcecode.cpp.cpp; name = Define.cpp; path = ../source/Compiler/Define.cpp; sourceTree = "<group>"; };
		0A225C58199F8C6500447033 /* Define.h */ = {isa = PBXFileReference; fileEncoding = 4; lastKnownFileType = sourcecode.c.h; name = Define.h; path = ../source/Compiler/Define.h; sourceTree = "<group>"; };
		0A225C59199F8C6500447033 /* Internal.cpp */ = {isa = PBXFileReference; fileEncoding = 4; lastKnownFileType = sourcecode.cpp.cpp; name = Internal.cpp; path = ../source/Compiler/Internal.cpp; sourceTree = "<group>"; };
		0A225C5A199F8C6500447033 /* Internal.h */ = {isa = PBXFileReference; fileEncoding = 4; lastKnownFileType = sourcecode.c.h; name = Internal.h; path = ../source/Compiler/Internal.h; sourceTree = "<group>"; };
		0A225C5B199F8C6500447033 /* LowLevelStack.cpp */ = {isa = PBXFileReference; fileEncoding = 4; lastKnownFileType = sourcecode.cpp.cpp; name = LowLevelStack.cpp; path = ../source/Compiler/LowLevelStack.cpp; sourceTree = "<group>"; };
		0A225C5C199F8C6500447033 /* LowLevelStack.h */ = {isa = PBXFileReference; fileEncoding = 4; lastKnownFileType = sourcecode.c.h; name = LowLevelStack.h; path = ../source/Compiler/LowLevelStack.h; sourceTree = "<group>"; };
		0A225C5D199F8C6500447033 /* Register.cpp */ = {isa = PBXFileReference; fileEncoding = 4; lastKnownFileType = sourcecode.cpp.cpp; name = Register.cpp; path = ../source/Compiler/Register.cpp; sourceTree = "<group>"; };
		0A225C5E199F8C6500447033 /* Register.h */ = {isa = PBXFileReference; fileEncoding = 4; lastKnownFileType = sourcecode.c.h; name = Register.h; path = ../source/Compiler/Register.h; sourceTree = "<group>"; };
		0A225C5F199F8C6500447033 /* VirtualCompiler.cpp */ = {isa = PBXFileReference; fileEncoding = 4; lastKnownFileType = sourcecode.cpp.cpp; name = VirtualCompiler.cpp; path = ../source/Compiler/VirtualCompiler.cpp; sourceTree = "<group>"; };
		0A225C60199F8C6500447033 /* VirtualCompiler.h */ = {isa = PBXFileReference; fileEncoding = 4; lastKnownFileType = sourcecode.c.h; name = VirtualCompiler.h; path = ../source/Compiler/VirtualCompiler.h; sourceTree = "<group>"; };
		0A35490C19A3C1CA006C2756 /* OpenGL.framework */ = {isa = PBXFileReference; lastKnownFileType = wrapper.framework; name = OpenGL.framework; path = System/Library/Frameworks/OpenGL.framework; sourceTree = SDKROOT; };
		0A35490E19A3C1CE006C2756 /* GLUT.framework */ = {isa = PBXFileReference; lastKnownFileType = wrapper.framework; name = GLUT.framework; path = System/Library/Frameworks/GLUT.framework; sourceTree = SDKROOT; };
		0A5D081F197A878F00D0049F /* adler32.c */ = {isa = PBXFileReference; fileEncoding = 4; lastKnownFileType = sourcecode.c.c; path = adler32.c; sourceTree = "<group>"; };
		0A5D0820197A878F00D0049F /* compress.c */ = {isa = PBXFileReference; fileEncoding = 4; lastKnownFileType = sourcecode.c.c; path = compress.c; sourceTree = "<group>"; };
		0A5D0821197A878F00D0049F /* crc32.c */ = {isa = PBXFileReference; fileEncoding = 4; lastKnownFileType = sourcecode.c.c; path = crc32.c; sourceTree = "<group>"; };
		0A5D0822197A878F00D0049F /* crc32.h */ = {isa = PBXFileReference; fileEncoding = 4; lastKnownFileType = sourcecode.c.h; path = crc32.h; sourceTree = "<group>"; };
		0A5D0823197A878F00D0049F /* deflate.c */ = {isa = PBXFileReference; fileEncoding = 4; lastKnownFileType = sourcecode.c.c; path = deflate.c; sourceTree = "<group>"; };
		0A5D0824197A878F00D0049F /* deflate.h */ = {isa = PBXFileReference; fileEncoding = 4; lastKnownFileType = sourcecode.c.h; path = deflate.h; sourceTree = "<group>"; };
		0A5D0825197A878F00D0049F /* gzclose.c */ = {isa = PBXFileReference; fileEncoding = 4; lastKnownFileType = sourcecode.c.c; path = gzclose.c; sourceTree = "<group>"; };
		0A5D0826197A878F00D0049F /* gzguts.h */ = {isa = PBXFileReference; fileEncoding = 4; lastKnownFileType = sourcecode.c.h; path = gzguts.h; sourceTree = "<group>"; };
		0A5D0827197A878F00D0049F /* gzlib.c */ = {isa = PBXFileReference; fileEncoding = 4; lastKnownFileType = sourcecode.c.c; path = gzlib.c; sourceTree = "<group>"; };
		0A5D0828197A878F00D0049F /* gzread.c */ = {isa = PBXFileReference; fileEncoding = 4; lastKnownFileType = sourcecode.c.c; path = gzread.c; sourceTree = "<group>"; };
		0A5D0829197A878F00D0049F /* gzwrite.c */ = {isa = PBXFileReference; fileEncoding = 4; lastKnownFileType = sourcecode.c.c; path = gzwrite.c; sourceTree = "<group>"; };
		0A5D082A197A878F00D0049F /* infback.c */ = {isa = PBXFileReference; fileEncoding = 4; lastKnownFileType = sourcecode.c.c; path = infback.c; sourceTree = "<group>"; };
		0A5D082B197A878F00D0049F /* inffast.c */ = {isa = PBXFileReference; fileEncoding = 4; lastKnownFileType = sourcecode.c.c; path = inffast.c; sourceTree = "<group>"; };
		0A5D082C197A878F00D0049F /* inffast.h */ = {isa = PBXFileReference; fileEncoding = 4; lastKnownFileType = sourcecode.c.h; path = inffast.h; sourceTree = "<group>"; };
		0A5D082D197A878F00D0049F /* inffixed.h */ = {isa = PBXFileReference; fileEncoding = 4; lastKnownFileType = sourcecode.c.h; path = inffixed.h; sourceTree = "<group>"; };
		0A5D082E197A878F00D0049F /* inflate.c */ = {isa = PBXFileReference; fileEncoding = 4; lastKnownFileType = sourcecode.c.c; path = inflate.c; sourceTree = "<group>"; };
		0A5D082F197A878F00D0049F /* inflate.h */ = {isa = PBXFileReference; fileEncoding = 4; lastKnownFileType = sourcecode.c.h; path = inflate.h; sourceTree = "<group>"; };
		0A5D0830197A878F00D0049F /* inftrees.c */ = {isa = PBXFileReference; fileEncoding = 4; lastKnownFileType = sourcecode.c.c; path = inftrees.c; sourceTree = "<group>"; };
		0A5D0831197A878F00D0049F /* inftrees.h */ = {isa = PBXFileReference; fileEncoding = 4; lastKnownFileType = sourcecode.c.h; path = inftrees.h; sourceTree = "<group>"; };
		0A5D0832197A878F00D0049F /* trees.c */ = {isa = PBXFileReference; fileEncoding = 4; lastKnownFileType = sourcecode.c.c; path = trees.c; sourceTree = "<group>"; };
		0A5D0833197A878F00D0049F /* trees.h */ = {isa = PBXFileReference; fileEncoding = 4; lastKnownFileType = sourcecode.c.h; path = trees.h; sourceTree = "<group>"; };
		0A5D0834197A878F00D0049F /* uncompr.c */ = {isa = PBXFileReference; fileEncoding = 4; lastKnownFileType = sourcecode.c.c; path = uncompr.c; sourceTree = "<group>"; };
		0A5D0835197A878F00D0049F /* zconf.h */ = {isa = PBXFileReference; fileEncoding = 4; lastKnownFileType = sourcecode.c.h; path = zconf.h; sourceTree = "<group>"; };
		0A5D0836197A878F00D0049F /* zlib.h */ = {isa = PBXFileReference; fileEncoding = 4; lastKnownFileType = sourcecode.c.h; path = zlib.h; sourceTree = "<group>"; };
		0A5D0837197A878F00D0049F /* zutil.c */ = {isa = PBXFileReference; fileEncoding = 4; lastKnownFileType = sourcecode.c.c; path = zutil.c; sourceTree = "<group>"; };
		0A5D0838197A878F00D0049F /* zutil.h */ = {isa = PBXFileReference; fileEncoding = 4; lastKnownFileType = sourcecode.c.h; path = zutil.h; sourceTree = "<group>"; };
		0A5F675A18E1DED800CA603F /* lame */ = {isa = PBXFileReference; explicitFileType = "compiled.mach-o.executable"; includeInIndex = 0; path = lame; sourceTree = BUILT_PRODUCTS_DIR; };
		0A5F675F18E1DED800CA603F /* lame.1 */ = {isa = PBXFileReference; lastKnownFileType = text.man; path = lame.1; sourceTree = "<group>"; };
		0A5F88B9195FE82C00975945 /* AudioLoader.h */ = {isa = PBXFileReference; fileEncoding = 4; lastKnownFileType = sourcecode.c.h; name = AudioLoader.h; path = ../source/ResourceManager/AudioLoader.h; sourceTree = "<group>"; };
		0A5F88BA195FE82C00975945 /* BmpLoader.cpp */ = {isa = PBXFileReference; fileEncoding = 4; lastKnownFileType = sourcecode.cpp.cpp; name = BmpLoader.cpp; path = ../source/ResourceManager/BmpLoader.cpp; sourceTree = "<group>"; };
		0A5F88BB195FE82C00975945 /* Define.cpp */ = {isa = PBXFileReference; fileEncoding = 4; lastKnownFileType = sourcecode.cpp.cpp; name = Define.cpp; path = ../source/ResourceManager/Define.cpp; sourceTree = "<group>"; };
		0A5F88BC195FE82C00975945 /* Define.h */ = {isa = PBXFileReference; fileEncoding = 4; lastKnownFileType = sourcecode.c.h; name = Define.h; path = ../source/ResourceManager/Define.h; sourceTree = "<group>"; };
		0A5F88BD195FE82C00975945 /* JpegLoader.cpp */ = {isa = PBXFileReference; fileEncoding = 4; lastKnownFileType = sourcecode.cpp.cpp; name = JpegLoader.cpp; path = ../source/ResourceManager/JpegLoader.cpp; sourceTree = "<group>"; };
		0A5F88BE195FE82C00975945 /* PngLoader.cpp */ = {isa = PBXFileReference; fileEncoding = 4; lastKnownFileType = sourcecode.cpp.cpp; name = PngLoader.cpp; path = ../source/ResourceManager/PngLoader.cpp; sourceTree = "<group>"; };
		0A5F88BF195FE82C00975945 /* Resource.cpp */ = {isa = PBXFileReference; fileEncoding = 4; lastKnownFileType = sourcecode.cpp.cpp; name = Resource.cpp; path = ../source/ResourceManager/Resource.cpp; sourceTree = "<group>"; };
		0A5F88C0195FE82C00975945 /* Resource.h */ = {isa = PBXFileReference; fileEncoding = 4; lastKnownFileType = sourcecode.c.h; name = Resource.h; path = ../source/ResourceManager/Resource.h; sourceTree = "<group>"; };
		0A5F88C1195FE82C00975945 /* ResourceContainer.cpp */ = {isa = PBXFileReference; fileEncoding = 4; lastKnownFileType = sourcecode.cpp.cpp; name = ResourceContainer.cpp; path = ../source/ResourceManager/ResourceContainer.cpp; sourceTree = "<group>"; };
		0A5F88C2195FE82C00975945 /* ResourceManager.h */ = {isa = PBXFileReference; fileEncoding = 4; lastKnownFileType = sourcecode.c.h; name = ResourceManager.h; path = ../source/ResourceManager/ResourceManager.h; sourceTree = "<group>"; };
		0A5F88C3195FE82C00975945 /* TextureLoader.h */ = {isa = PBXFileReference; fileEncoding = 4; lastKnownFileType = sourcecode.c.h; name = TextureLoader.h; path = ../source/ResourceManager/TextureLoader.h; sourceTree = "<group>"; };
		0A5F88C4195FE82C00975945 /* TgaLoader.cpp */ = {isa = PBXFileReference; fileEncoding = 4; lastKnownFileType = sourcecode.cpp.cpp; name = TgaLoader.cpp; path = ../source/ResourceManager/TgaLoader.cpp; sourceTree = "<group>"; };
		0A5F88C5195FE82C00975945 /* VirtualLoader.h */ = {isa = PBXFileReference; fileEncoding = 4; lastKnownFileType = sourcecode.c.h; name = VirtualLoader.h; path = ../source/ResourceManager/VirtualLoader.h; sourceTree = "<group>"; };
		0A5F88C6195FE82C00975945 /* WavLoader.cpp */ = {isa = PBXFileReference; fileEncoding = 4; lastKnownFileType = sourcecode.cpp.cpp; name = WavLoader.cpp; path = ../source/ResourceManager/WavLoader.cpp; sourceTree = "<group>"; };
		0A79447119A21638000ED8DD /* VariableStack.cpp */ = {isa = PBXFileReference; fileEncoding = 4; lastKnownFileType = sourcecode.cpp.cpp; name = VariableStack.cpp; path = ../source/Compiler/VariableStack.cpp; sourceTree = "<group>"; };
		0A79447219A21638000ED8DD /* VariableStack.h */ = {isa = PBXFileReference; fileEncoding = 4; lastKnownFileType = sourcecode.c.h; name = VariableStack.h; path = ../source/Compiler/VariableStack.h; sourceTree = "<group>"; };
		0A89525318E1E2F900BE07E1 /* Main.cpp */ = {isa = PBXFileReference; fileEncoding = 4; lastKnownFileType = sourcecode.cpp.cpp; name = Main.cpp; path = ../source/Console/Main.cpp; sourceTree = "<group>"; };
		0A89525418E1E2F900BE07E1 /* Main.h */ = {isa = PBXFileReference; fileEncoding = 4; lastKnownFileType = sourcecode.c.h; name = Main.h; path = ../source/Console/Main.h; sourceTree = "<group>"; };
		0AA77E6E192F21450003484B /* png.c */ = {isa = PBXFileReference; fileEncoding = 4; lastKnownFileType = sourcecode.c.c; name = png.c; path = ../source/ResourceManager/libpng/png.c; sourceTree = "<group>"; };
		0AA77E6F192F21450003484B /* png.h */ = {isa = PBXFileReference; fileEncoding = 4; lastKnownFileType = sourcecode.c.h; name = png.h; path = ../source/ResourceManager/libpng/png.h; sourceTree = "<group>"; };
		0AA77E70192F21450003484B /* pngconf.h */ = {isa = PBXFileReference; fileEncoding = 4; lastKnownFileType = sourcecode.c.h; name = pngconf.h; path = ../source/ResourceManager/libpng/pngconf.h; sourceTree = "<group>"; };
		0AA77E71192F21450003484B /* pngdebug.h */ = {isa = PBXFileReference; fileEncoding = 4; lastKnownFileType = sourcecode.c.h; name = pngdebug.h; path = ../source/ResourceManager/libpng/pngdebug.h; sourceTree = "<group>"; };
		0AA77E72192F21450003484B /* pngerror.c */ = {isa = PBXFileReference; fileEncoding = 4; lastKnownFileType = sourcecode.c.c; name = pngerror.c; path = ../source/ResourceManager/libpng/pngerror.c; sourceTree = "<group>"; };
		0AA77E73192F21450003484B /* pngget.c */ = {isa = PBXFileReference; fileEncoding = 4; lastKnownFileType = sourcecode.c.c; name = pngget.c; path = ../source/ResourceManager/libpng/pngget.c; sourceTree = "<group>"; };
		0AA77E74192F21450003484B /* pnginfo.h */ = {isa = PBXFileReference; fileEncoding = 4; lastKnownFileType = sourcecode.c.h; name = pnginfo.h; path = ../source/ResourceManager/libpng/pnginfo.h; sourceTree = "<group>"; };
		0AA77E75192F21450003484B /* pnglibconf.h */ = {isa = PBXFileReference; fileEncoding = 4; lastKnownFileType = sourcecode.c.h; name = pnglibconf.h; path = ../source/ResourceManager/libpng/pnglibconf.h; sourceTree = "<group>"; };
		0AA77E76192F21450003484B /* pngmem.c */ = {isa = PBXFileReference; fileEncoding = 4; lastKnownFileType = sourcecode.c.c; name = pngmem.c; path = ../source/ResourceManager/libpng/pngmem.c; sourceTree = "<group>"; };
		0AA77E77192F21450003484B /* pngpread.c */ = {isa = PBXFileReference; fileEncoding = 4; lastKnownFileType = sourcecode.c.c; name = pngpread.c; path = ../source/ResourceManager/libpng/pngpread.c; sourceTree = "<group>"; };
		0AA77E78192F21450003484B /* pngpriv.h */ = {isa = PBXFileReference; fileEncoding = 4; lastKnownFileType = sourcecode.c.h; name = pngpriv.h; path = ../source/ResourceManager/libpng/pngpriv.h; sourceTree = "<group>"; };
		0AA77E79192F21450003484B /* pngread.c */ = {isa = PBXFileReference; fileEncoding = 4; lastKnownFileType = sourcecode.c.c; name = pngread.c; path = ../source/ResourceManager/libpng/pngread.c; sourceTree = "<group>"; };
		0AA77E7A192F21450003484B /* pngrio.c */ = {isa = PBXFileReference; fileEncoding = 4; lastKnownFileType = sourcecode.c.c; name = pngrio.c; path = ../source/ResourceManager/libpng/pngrio.c; sourceTree = "<group>"; };
		0AA77E7B192F21450003484B /* pngrtran.c */ = {isa = PBXFileReference; fileEncoding = 4; lastKnownFileType = sourcecode.c.c; name = pngrtran.c; path = ../source/ResourceManager/libpng/pngrtran.c; sourceTree = "<group>"; };
		0AA77E7C192F21450003484B /* pngrutil.c */ = {isa = PBXFileReference; fileEncoding = 4; lastKnownFileType = sourcecode.c.c; name = pngrutil.c; path = ../source/ResourceManager/libpng/pngrutil.c; sourceTree = "<group>"; };
		0AA77E7D192F21450003484B /* pngset.c */ = {isa = PBXFileReference; fileEncoding = 4; lastKnownFileType = sourcecode.c.c; name = pngset.c; path = ../source/ResourceManager/libpng/pngset.c; sourceTree = "<group>"; };
		0AA77E7E192F21450003484B /* pngstruct.h */ = {isa = PBXFileReference; fileEncoding = 4; lastKnownFileType = sourcecode.c.h; name = pngstruct.h; path = ../source/ResourceManager/libpng/pngstruct.h; sourceTree = "<group>"; };
		0AA77E7F192F21450003484B /* pngtrans.c */ = {isa = PBXFileReference; fileEncoding = 4; lastKnownFileType = sourcecode.c.c; name = pngtrans.c; path = ../source/ResourceManager/libpng/pngtrans.c; sourceTree = "<group>"; };
		0AA77E80192F21450003484B /* pngwio.c */ = {isa = PBXFileReference; fileEncoding = 4; lastKnownFileType = sourcecode.c.c; name = pngwio.c; path = ../source/ResourceManager/libpng/pngwio.c; sourceTree = "<group>"; };
		0AA77E81192F21450003484B /* pngwrite.c */ = {isa = PBXFileReference; fileEncoding = 4; lastKnownFileType = sourcecode.c.c; name = pngwrite.c; path = ../source/ResourceManager/libpng/pngwrite.c; sourceTree = "<group>"; };
		0AA77E82192F21450003484B /* pngwtran.c */ = {isa = PBXFileReference; fileEncoding = 4; lastKnownFileType = sourcecode.c.c; name = pngwtran.c; path = ../source/ResourceManager/libpng/pngwtran.c; sourceTree = "<group>"; };
		0AA77E83192F21450003484B /* pngwutil.c */ = {isa = PBXFileReference; fileEncoding = 4; lastKnownFileType = sourcecode.c.c; name = pngwutil.c; path = ../source/ResourceManager/libpng/pngwutil.c; sourceTree = "<group>"; };
		0AA77E93192F214D0003484B /* jaricom.c */ = {isa = PBXFileReference; fileEncoding = 4; lastKnownFileType = sourcecode.c.c; name = jaricom.c; path = ../source/ResourceManager/libjpeg/jaricom.c; sourceTree = "<group>"; };
		0AA77E94192F214D0003484B /* jcapimin.c */ = {isa = PBXFileReference; fileEncoding = 4; lastKnownFileType = sourcecode.c.c; name = jcapimin.c; path = ../source/ResourceManager/libjpeg/jcapimin.c; sourceTree = "<group>"; };
		0AA77E95192F214D0003484B /* jcapistd.c */ = {isa = PBXFileReference; fileEncoding = 4; lastKnownFileType = sourcecode.c.c; name = jcapistd.c; path = ../source/ResourceManager/libjpeg/jcapistd.c; sourceTree = "<group>"; };
		0AA77E96192F214D0003484B /* jcarith.c */ = {isa = PBXFileReference; fileEncoding = 4; lastKnownFileType = sourcecode.c.c; name = jcarith.c; path = ../source/ResourceManager/libjpeg/jcarith.c; sourceTree = "<group>"; };
		0AA77E97192F214D0003484B /* jccoefct.c */ = {isa = PBXFileReference; fileEncoding = 4; lastKnownFileType = sourcecode.c.c; name = jccoefct.c; path = ../source/ResourceManager/libjpeg/jccoefct.c; sourceTree = "<group>"; };
		0AA77E98192F214D0003484B /* jccolor.c */ = {isa = PBXFileReference; fileEncoding = 4; lastKnownFileType = sourcecode.c.c; name = jccolor.c; path = ../source/ResourceManager/libjpeg/jccolor.c; sourceTree = "<group>"; };
		0AA77E99192F214D0003484B /* jcdctmgr.c */ = {isa = PBXFileReference; fileEncoding = 4; lastKnownFileType = sourcecode.c.c; name = jcdctmgr.c; path = ../source/ResourceManager/libjpeg/jcdctmgr.c; sourceTree = "<group>"; };
		0AA77E9A192F214D0003484B /* jchuff.c */ = {isa = PBXFileReference; fileEncoding = 4; lastKnownFileType = sourcecode.c.c; name = jchuff.c; path = ../source/ResourceManager/libjpeg/jchuff.c; sourceTree = "<group>"; };
		0AA77E9B192F214D0003484B /* jcinit.c */ = {isa = PBXFileReference; fileEncoding = 4; lastKnownFileType = sourcecode.c.c; name = jcinit.c; path = ../source/ResourceManager/libjpeg/jcinit.c; sourceTree = "<group>"; };
		0AA77E9C192F214D0003484B /* jcmainct.c */ = {isa = PBXFileReference; fileEncoding = 4; lastKnownFileType = sourcecode.c.c; name = jcmainct.c; path = ../source/ResourceManager/libjpeg/jcmainct.c; sourceTree = "<group>"; };
		0AA77E9D192F214D0003484B /* jcmarker.c */ = {isa = PBXFileReference; fileEncoding = 4; lastKnownFileType = sourcecode.c.c; name = jcmarker.c; path = ../source/ResourceManager/libjpeg/jcmarker.c; sourceTree = "<group>"; };
		0AA77E9E192F214D0003484B /* jcmaster.c */ = {isa = PBXFileReference; fileEncoding = 4; lastKnownFileType = sourcecode.c.c; name = jcmaster.c; path = ../source/ResourceManager/libjpeg/jcmaster.c; sourceTree = "<group>"; };
		0AA77E9F192F214D0003484B /* jcomapi.c */ = {isa = PBXFileReference; fileEncoding = 4; lastKnownFileType = sourcecode.c.c; name = jcomapi.c; path = ../source/ResourceManager/libjpeg/jcomapi.c; sourceTree = "<group>"; };
		0AA77EA0192F214D0003484B /* jconfig.h */ = {isa = PBXFileReference; fileEncoding = 4; lastKnownFileType = sourcecode.c.h; name = jconfig.h; path = ../source/ResourceManager/libjpeg/jconfig.h; sourceTree = "<group>"; };
		0AA77EA1192F214D0003484B /* jcparam.c */ = {isa = PBXFileReference; fileEncoding = 4; lastKnownFileType = sourcecode.c.c; name = jcparam.c; path = ../source/ResourceManager/libjpeg/jcparam.c; sourceTree = "<group>"; };
		0AA77EA2192F214D0003484B /* jcprepct.c */ = {isa = PBXFileReference; fileEncoding = 4; lastKnownFileType = sourcecode.c.c; name = jcprepct.c; path = ../source/ResourceManager/libjpeg/jcprepct.c; sourceTree = "<group>"; };
		0AA77EA3192F214D0003484B /* jcsample.c */ = {isa = PBXFileReference; fileEncoding = 4; lastKnownFileType = sourcecode.c.c; name = jcsample.c; path = ../source/ResourceManager/libjpeg/jcsample.c; sourceTree = "<group>"; };
		0AA77EA4192F214D0003484B /* jctrans.c */ = {isa = PBXFileReference; fileEncoding = 4; lastKnownFileType = sourcecode.c.c; name = jctrans.c; path = ../source/ResourceManager/libjpeg/jctrans.c; sourceTree = "<group>"; };
		0AA77EA5192F214D0003484B /* jdapimin.c */ = {isa = PBXFileReference; fileEncoding = 4; lastKnownFileType = sourcecode.c.c; name = jdapimin.c; path = ../source/ResourceManager/libjpeg/jdapimin.c; sourceTree = "<group>"; };
		0AA77EA6192F214D0003484B /* jdapistd.c */ = {isa = PBXFileReference; fileEncoding = 4; lastKnownFileType = sourcecode.c.c; name = jdapistd.c; path = ../source/ResourceManager/libjpeg/jdapistd.c; sourceTree = "<group>"; };
		0AA77EA7192F214D0003484B /* jdarith.c */ = {isa = PBXFileReference; fileEncoding = 4; lastKnownFileType = sourcecode.c.c; name = jdarith.c; path = ../source/ResourceManager/libjpeg/jdarith.c; sourceTree = "<group>"; };
		0AA77EA8192F214D0003484B /* jdatadst.c */ = {isa = PBXFileReference; fileEncoding = 4; lastKnownFileType = sourcecode.c.c; name = jdatadst.c; path = ../source/ResourceManager/libjpeg/jdatadst.c; sourceTree = "<group>"; };
		0AA77EA9192F214D0003484B /* jdatasrc.c */ = {isa = PBXFileReference; fileEncoding = 4; lastKnownFileType = sourcecode.c.c; name = jdatasrc.c; path = ../source/ResourceManager/libjpeg/jdatasrc.c; sourceTree = "<group>"; };
		0AA77EAA192F214D0003484B /* jdcoefct.c */ = {isa = PBXFileReference; fileEncoding = 4; lastKnownFileType = sourcecode.c.c; name = jdcoefct.c; path = ../source/ResourceManager/libjpeg/jdcoefct.c; sourceTree = "<group>"; };
		0AA77EAB192F214D0003484B /* jdcolor.c */ = {isa = PBXFileReference; fileEncoding = 4; lastKnownFileType = sourcecode.c.c; name = jdcolor.c; path = ../source/ResourceManager/libjpeg/jdcolor.c; sourceTree = "<group>"; };
		0AA77EAC192F214D0003484B /* jdct.h */ = {isa = PBXFileReference; fileEncoding = 4; lastKnownFileType = sourcecode.c.h; name = jdct.h; path = ../source/ResourceManager/libjpeg/jdct.h; sourceTree = "<group>"; };
		0AA77EAD192F214D0003484B /* jddctmgr.c */ = {isa = PBXFileReference; fileEncoding = 4; lastKnownFileType = sourcecode.c.c; name = jddctmgr.c; path = ../source/ResourceManager/libjpeg/jddctmgr.c; sourceTree = "<group>"; };
		0AA77EAE192F214D0003484B /* jdhuff.c */ = {isa = PBXFileReference; fileEncoding = 4; lastKnownFileType = sourcecode.c.c; name = jdhuff.c; path = ../source/ResourceManager/libjpeg/jdhuff.c; sourceTree = "<group>"; };
		0AA77EAF192F214D0003484B /* jdinput.c */ = {isa = PBXFileReference; fileEncoding = 4; lastKnownFileType = sourcecode.c.c; name = jdinput.c; path = ../source/ResourceManager/libjpeg/jdinput.c; sourceTree = "<group>"; };
		0AA77EB0192F214D0003484B /* jdmainct.c */ = {isa = PBXFileReference; fileEncoding = 4; lastKnownFileType = sourcecode.c.c; name = jdmainct.c; path = ../source/ResourceManager/libjpeg/jdmainct.c; sourceTree = "<group>"; };
		0AA77EB1192F214D0003484B /* jdmarker.c */ = {isa = PBXFileReference; fileEncoding = 4; lastKnownFileType = sourcecode.c.c; name = jdmarker.c; path = ../source/ResourceManager/libjpeg/jdmarker.c; sourceTree = "<group>"; };
		0AA77EB2192F214D0003484B /* jdmaster.c */ = {isa = PBXFileReference; fileEncoding = 4; lastKnownFileType = sourcecode.c.c; name = jdmaster.c; path = ../source/ResourceManager/libjpeg/jdmaster.c; sourceTree = "<group>"; };
		0AA77EB3192F214D0003484B /* jdmerge.c */ = {isa = PBXFileReference; fileEncoding = 4; lastKnownFileType = sourcecode.c.c; name = jdmerge.c; path = ../source/ResourceManager/libjpeg/jdmerge.c; sourceTree = "<group>"; };
		0AA77EB4192F214D0003484B /* jdpostct.c */ = {isa = PBXFileReference; fileEncoding = 4; lastKnownFileType = sourcecode.c.c; name = jdpostct.c; path = ../source/ResourceManager/libjpeg/jdpostct.c; sourceTree = "<group>"; };
		0AA77EB5192F214D0003484B /* jdsample.c */ = {isa = PBXFileReference; fileEncoding = 4; lastKnownFileType = sourcecode.c.c; name = jdsample.c; path = ../source/ResourceManager/libjpeg/jdsample.c; sourceTree = "<group>"; };
		0AA77EB6192F214D0003484B /* jdtrans.c */ = {isa = PBXFileReference; fileEncoding = 4; lastKnownFileType = sourcecode.c.c; name = jdtrans.c; path = ../source/ResourceManager/libjpeg/jdtrans.c; sourceTree = "<group>"; };
		0AA77EB7192F214D0003484B /* jerror.c */ = {isa = PBXFileReference; fileEncoding = 4; lastKnownFileType = sourcecode.c.c; name = jerror.c; path = ../source/ResourceManager/libjpeg/jerror.c; sourceTree = "<group>"; };
		0AA77EB8192F214D0003484B /* jerror.h */ = {isa = PBXFileReference; fileEncoding = 4; lastKnownFileType = sourcecode.c.h; name = jerror.h; path = ../source/ResourceManager/libjpeg/jerror.h; sourceTree = "<group>"; };
		0AA77EB9192F214D0003484B /* jfdctflt.c */ = {isa = PBXFileReference; fileEncoding = 4; lastKnownFileType = sourcecode.c.c; name = jfdctflt.c; path = ../source/ResourceManager/libjpeg/jfdctflt.c; sourceTree = "<group>"; };
		0AA77EBA192F214D0003484B /* jfdctfst.c */ = {isa = PBXFileReference; fileEncoding = 4; lastKnownFileType = sourcecode.c.c; name = jfdctfst.c; path = ../source/ResourceManager/libjpeg/jfdctfst.c; sourceTree = "<group>"; };
		0AA77EBB192F214D0003484B /* jfdctint.c */ = {isa = PBXFileReference; fileEncoding = 4; lastKnownFileType = sourcecode.c.c; name = jfdctint.c; path = ../source/ResourceManager/libjpeg/jfdctint.c; sourceTree = "<group>"; };
		0AA77EBC192F214D0003484B /* jidctflt.c */ = {isa = PBXFileReference; fileEncoding = 4; lastKnownFileType = sourcecode.c.c; name = jidctflt.c; path = ../source/ResourceManager/libjpeg/jidctflt.c; sourceTree = "<group>"; };
		0AA77EBD192F214D0003484B /* jidctfst.c */ = {isa = PBXFileReference; fileEncoding = 4; lastKnownFileType = sourcecode.c.c; name = jidctfst.c; path = ../source/ResourceManager/libjpeg/jidctfst.c; sourceTree = "<group>"; };
		0AA77EBE192F214D0003484B /* jidctint.c */ = {isa = PBXFileReference; fileEncoding = 4; lastKnownFileType = sourcecode.c.c; name = jidctint.c; path = ../source/ResourceManager/libjpeg/jidctint.c; sourceTree = "<group>"; };
		0AA77EBF192F214D0003484B /* jinclude.h */ = {isa = PBXFileReference; fileEncoding = 4; lastKnownFileType = sourcecode.c.h; name = jinclude.h; path = ../source/ResourceManager/libjpeg/jinclude.h; sourceTree = "<group>"; };
		0AA77EC0192F214D0003484B /* jmemmgr.c */ = {isa = PBXFileReference; fileEncoding = 4; lastKnownFileType = sourcecode.c.c; name = jmemmgr.c; path = ../source/ResourceManager/libjpeg/jmemmgr.c; sourceTree = "<group>"; };
		0AA77EC1192F214D0003484B /* jmemnobs.c */ = {isa = PBXFileReference; fileEncoding = 4; lastKnownFileType = sourcecode.c.c; name = jmemnobs.c; path = ../source/ResourceManager/libjpeg/jmemnobs.c; sourceTree = "<group>"; };
		0AA77EC2192F214D0003484B /* jmemsys.h */ = {isa = PBXFileReference; fileEncoding = 4; lastKnownFileType = sourcecode.c.h; name = jmemsys.h; path = ../source/ResourceManager/libjpeg/jmemsys.h; sourceTree = "<group>"; };
		0AA77EC3192F214D0003484B /* jmorecfg.h */ = {isa = PBXFileReference; fileEncoding = 4; lastKnownFileType = sourcecode.c.h; name = jmorecfg.h; path = ../source/ResourceManager/libjpeg/jmorecfg.h; sourceTree = "<group>"; };
		0AA77EC4192F214D0003484B /* jpegint.h */ = {isa = PBXFileReference; fileEncoding = 4; lastKnownFileType = sourcecode.c.h; name = jpegint.h; path = ../source/ResourceManager/libjpeg/jpegint.h; sourceTree = "<group>"; };
		0AA77EC5192F214D0003484B /* jpeglib.h */ = {isa = PBXFileReference; fileEncoding = 4; lastKnownFileType = sourcecode.c.h; name = jpeglib.h; path = ../source/ResourceManager/libjpeg/jpeglib.h; sourceTree = "<group>"; };
		0AA77EC6192F214D0003484B /* jquant1.c */ = {isa = PBXFileReference; fileEncoding = 4; lastKnownFileType = sourcecode.c.c; name = jquant1.c; path = ../source/ResourceManager/libjpeg/jquant1.c; sourceTree = "<group>"; };
		0AA77EC7192F214D0003484B /* jquant2.c */ = {isa = PBXFileReference; fileEncoding = 4; lastKnownFileType = sourcecode.c.c; name = jquant2.c; path = ../source/ResourceManager/libjpeg/jquant2.c; sourceTree = "<group>"; };
		0AA77EC8192F214D0003484B /* jutils.c */ = {isa = PBXFileReference; fileEncoding = 4; lastKnownFileType = sourcecode.c.c; name = jutils.c; path = ../source/ResourceManager/libjpeg/jutils.c; sourceTree = "<group>"; };
		0AA77EC9192F214D0003484B /* jversion.h */ = {isa = PBXFileReference; fileEncoding = 4; lastKnownFileType = sourcecode.c.h; name = jversion.h; path = ../source/ResourceManager/libjpeg/jversion.h; sourceTree = "<group>"; };
		0AAAC5CF19A4B4350019BDAF /* CodeTranslator.cpp */ = {isa = PBXFileReference; fileEncoding = 4; lastKnownFileType = sourcecode.cpp.cpp; name = CodeTranslator.cpp; path = ../source/Compiler/CodeTranslator.cpp; sourceTree = "<group>"; };
		0AAAC5D019A4B4350019BDAF /* CodeTranslator.h */ = {isa = PBXFileReference; fileEncoding = 4; lastKnownFileType = sourcecode.c.h; name = CodeTranslator.h; path = ../source/Compiler/CodeTranslator.h; sourceTree = "<group>"; };
		0ABE67E6197A83DA00563949 /* Any.cpp */ = {isa = PBXFileReference; fileEncoding = 4; lastKnownFileType = sourcecode.cpp.cpp; name = Any.cpp; path = ../source/Core/Any.cpp; sourceTree = "<group>"; };
		0ABE67E7197A83DA00563949 /* Any.h */ = {isa = PBXFileReference; fileEncoding = 4; lastKnownFileType = sourcecode.c.h; name = Any.h; path = ../source/Core/Any.h; sourceTree = "<group>"; };
		0ABE67E8197A83DA00563949 /* Atomic.cpp */ = {isa = PBXFileReference; fileEncoding = 4; lastKnownFileType = sourcecode.cpp.cpp; name = Atomic.cpp; path = ../source/Core/Atomic.cpp; sourceTree = "<group>"; };
		0ABE67E9197A83DA00563949 /* Atomic.h */ = {isa = PBXFileReference; fileEncoding = 4; lastKnownFileType = sourcecode.c.h; name = Atomic.h; path = ../source/Core/Atomic.h; sourceTree = "<group>"; };
		0ABE67EA197A83DA00563949 /* Buffer.cpp */ = {isa = PBXFileReference; fileEncoding = 4; lastKnownFileType = sourcecode.cpp.cpp; name = Buffer.cpp; path = ../source/Core/Buffer.cpp; sourceTree = "<group>"; };
		0ABE67EB197A83DA00563949 /* Buffer.h */ = {isa = PBXFileReference; fileEncoding = 4; lastKnownFileType = sourcecode.c.h; name = Buffer.h; path = ../source/Core/Buffer.h; sourceTree = "<group>"; };
		0ABE67EC197A83DA00563949 /* Condition.cpp */ = {isa = PBXFileReference; fileEncoding = 4; lastKnownFileType = sourcecode.cpp.cpp; name = Condition.cpp; path = ../source/Core/Condition.cpp; sourceTree = "<group>"; };
		0ABE67ED197A83DA00563949 /* Condition.h */ = {isa = PBXFileReference; fileEncoding = 4; lastKnownFileType = sourcecode.c.h; name = Condition.h; path = ../source/Core/Condition.h; sourceTree = "<group>"; };
		0ABE67EE197A83DA00563949 /* Console.cpp */ = {isa = PBXFileReference; fileEncoding = 4; lastKnownFileType = sourcecode.cpp.cpp; name = Console.cpp; path = ../source/Core/Console.cpp; sourceTree = "<group>"; };
		0ABE67EF197A83DA00563949 /* Console.h */ = {isa = PBXFileReference; fileEncoding = 4; lastKnownFileType = sourcecode.c.h; name = Console.h; path = ../source/Core/Console.h; sourceTree = "<group>"; };
		0ABE67F0197A83DA00563949 /* Core.cpp */ = {isa = PBXFileReference; fileEncoding = 4; lastKnownFileType = sourcecode.cpp.cpp; name = Core.cpp; path = ../source/Core/Core.cpp; sourceTree = "<group>"; };
		0ABE67F1197A83DA00563949 /* Core.h */ = {isa = PBXFileReference; fileEncoding = 4; lastKnownFileType = sourcecode.c.h; name = Core.h; path = ../source/Core/Core.h; sourceTree = "<group>"; };
		0ABE67F2197A83DA00563949 /* Define.cpp */ = {isa = PBXFileReference; fileEncoding = 4; lastKnownFileType = sourcecode.cpp.cpp; name = Define.cpp; path = ../source/Core/Define.cpp; sourceTree = "<group>"; };
		0ABE67F3197A83DA00563949 /* Define.h */ = {isa = PBXFileReference; fileEncoding = 4; lastKnownFileType = sourcecode.c.h; name = Define.h; path = ../source/Core/Define.h; sourceTree = "<group>"; };
		0ABE67F4197A83DA00563949 /* Directory.cpp */ = {isa = PBXFileReference; fileEncoding = 4; lastKnownFileType = sourcecode.cpp.cpp; name = Directory.cpp; path = ../source/Core/Directory.cpp; sourceTree = "<group>"; };
		0ABE67F5197A83DA00563949 /* Directory.h */ = {isa = PBXFileReference; fileEncoding = 4; lastKnownFileType = sourcecode.c.h; name = Directory.h; path = ../source/Core/Directory.h; sourceTree = "<group>"; };
		0ABE67F6197A83DA00563949 /* Exception.cpp */ = {isa = PBXFileReference; fileEncoding = 4; lastKnownFileType = sourcecode.cpp.cpp; name = Exception.cpp; path = ../source/Core/Exception.cpp; sourceTree = "<group>"; };
		0ABE67F7197A83DA00563949 /* Exception.h */ = {isa = PBXFileReference; fileEncoding = 4; lastKnownFileType = sourcecode.c.h; name = Exception.h; path = ../source/Core/Exception.h; sourceTree = "<group>"; };
		0ABE67F8197A83DA00563949 /* File.cpp */ = {isa = PBXFileReference; fileEncoding = 4; lastKnownFileType = sourcecode.cpp.cpp; name = File.cpp; path = ../source/Core/File.cpp; sourceTree = "<group>"; };
		0ABE67F9197A83DA00563949 /* File.h */ = {isa = PBXFileReference; fileEncoding = 4; lastKnownFileType = sourcecode.c.h; name = File.h; path = ../source/Core/File.h; sourceTree = "<group>"; };
		0ABE67FC197A83DA00563949 /* Hashable.cpp */ = {isa = PBXFileReference; fileEncoding = 4; lastKnownFileType = sourcecode.cpp.cpp; name = Hashable.cpp; path = ../source/Core/Hashable.cpp; sourceTree = "<group>"; };
		0ABE67FD197A83DA00563949 /* Hashable.h */ = {isa = PBXFileReference; fileEncoding = 4; lastKnownFileType = sourcecode.c.h; name = Hashable.h; path = ../source/Core/Hashable.h; sourceTree = "<group>"; };
		0ABE67FE197A83DA00563949 /* List.cpp */ = {isa = PBXFileReference; fileEncoding = 4; lastKnownFileType = sourcecode.cpp.cpp; name = List.cpp; path = ../source/Core/List.cpp; sourceTree = "<group>"; };
		0ABE67FF197A83DA00563949 /* List.h */ = {isa = PBXFileReference; fileEncoding = 4; lastKnownFileType = sourcecode.c.h; name = List.h; path = ../source/Core/List.h; sourceTree = "<group>"; };
		0ABE6800197A83DA00563949 /* Locker.cpp */ = {isa = PBXFileReference; fileEncoding = 4; lastKnownFileType = sourcecode.cpp.cpp; name = Locker.cpp; path = ../source/Core/Locker.cpp; sourceTree = "<group>"; };
		0ABE6801197A83DA00563949 /* Locker.h */ = {isa = PBXFileReference; fileEncoding = 4; lastKnownFileType = sourcecode.c.h; name = Locker.h; path = ../source/Core/Locker.h; sourceTree = "<group>"; };
		0ABE6802197A83DA00563949 /* Math.cpp */ = {isa = PBXFileReference; fileEncoding = 4; lastKnownFileType = sourcecode.cpp.cpp; name = Math.cpp; path = ../source/Core/Math.cpp; sourceTree = "<group>"; };
		0ABE6803197A83DA00563949 /* Math.h */ = {isa = PBXFileReference; fileEncoding = 4; lastKnownFileType = sourcecode.c.h; name = Math.h; path = ../source/Core/Math.h; sourceTree = "<group>"; };
		0ABE6804197A83DA00563949 /* Mutex.cpp */ = {isa = PBXFileReference; fileEncoding = 4; lastKnownFileType = sourcecode.cpp.cpp; name = Mutex.cpp; path = ../source/Core/Mutex.cpp; sourceTree = "<group>"; };
		0ABE6805197A83DA00563949 /* Mutex.h */ = {isa = PBXFileReference; fileEncoding = 4; lastKnownFileType = sourcecode.c.h; name = Mutex.h; path = ../source/Core/Mutex.h; sourceTree = "<group>"; };
		0ABE6806197A83DA00563949 /* Observable.cpp */ = {isa = PBXFileReference; fileEncoding = 4; lastKnownFileType = sourcecode.cpp.cpp; name = Observable.cpp; path = ../source/Core/Observable.cpp; sourceTree = "<group>"; };
		0ABE6807197A83DA00563949 /* Observable.h */ = {isa = PBXFileReference; fileEncoding = 4; lastKnownFileType = sourcecode.c.h; name = Observable.h; path = ../source/Core/Observable.h; sourceTree = "<group>"; };
		0ABE68AB197A83DB00563949 /* SharedPtr.cpp */ = {isa = PBXFileReference; fileEncoding = 4; lastKnownFileType = sourcecode.cpp.cpp; name = SharedPtr.cpp; path = ../source/Core/SharedPtr.cpp; sourceTree = "<group>"; };
		0ABE68AC197A83DB00563949 /* SharedPtr.h */ = {isa = PBXFileReference; fileEncoding = 4; lastKnownFileType = sourcecode.c.h; name = SharedPtr.h; path = ../source/Core/SharedPtr.h; sourceTree = "<group>"; };
		0ABE68AD197A83DB00563949 /* Stream.cpp */ = {isa = PBXFileReference; fileEncoding = 4; lastKnownFileType = sourcecode.cpp.cpp; name = Stream.cpp; path = ../source/Core/Stream.cpp; sourceTree = "<group>"; };
		0ABE68AE197A83DB00563949 /* Stream.h */ = {isa = PBXFileReference; fileEncoding = 4; lastKnownFileType = sourcecode.c.h; name = Stream.h; path = ../source/Core/Stream.h; sourceTree = "<group>"; };
		0ABE68AF197A83DB00563949 /* Thread.cpp */ = {isa = PBXFileReference; fileEncoding = 4; lastKnownFileType = sourcecode.cpp.cpp; name = Thread.cpp; path = ../source/Core/Thread.cpp; sourceTree = "<group>"; };
		0ABE68B0197A83DB00563949 /* Thread.h */ = {isa = PBXFileReference; fileEncoding = 4; lastKnownFileType = sourcecode.c.h; name = Thread.h; path = ../source/Core/Thread.h; sourceTree = "<group>"; };
		0ABE68B1197A83DB00563949 /* Throwable.cpp */ = {isa = PBXFileReference; fileEncoding = 4; lastKnownFileType = sourcecode.cpp.cpp; name = Throwable.cpp; path = ../source/Core/Throwable.cpp; sourceTree = "<group>"; };
		0ABE68B2197A83DB00563949 /* Throwable.h */ = {isa = PBXFileReference; fileEncoding = 4; lastKnownFileType = sourcecode.c.h; name = Throwable.h; path = ../source/Core/Throwable.h; sourceTree = "<group>"; };
		0ABE68B3197A83DB00563949 /* ThrowableAdapter.cpp */ = {isa = PBXFileReference; fileEncoding = 4; lastKnownFileType = sourcecode.cpp.cpp; name = ThrowableAdapter.cpp; path = ../source/Core/ThrowableAdapter.cpp; sourceTree = "<group>"; };
		0ABE68B4197A83DB00563949 /* ThrowableAdapter.h */ = {isa = PBXFileReference; fileEncoding = 4; lastKnownFileType = sourcecode.c.h; name = ThrowableAdapter.h; path = ../source/Core/ThrowableAdapter.h; sourceTree = "<group>"; };
		0ABE68B5197A83DB00563949 /* Time.cpp */ = {isa = PBXFileReference; fileEncoding = 4; lastKnownFileType = sourcecode.cpp.cpp; name = Time.cpp; path = ../source/Core/Time.cpp; sourceTree = "<group>"; };
		0ABE68B6197A83DB00563949 /* Time.h */ = {isa = PBXFileReference; fileEncoding = 4; lastKnownFileType = sourcecode.c.h; name = Time.h; path = ../source/Core/Time.h; sourceTree = "<group>"; };
		0ABE68B7197A83DB00563949 /* Timer.cpp */ = {isa = PBXFileReference; fileEncoding = 4; lastKnownFileType = sourcecode.cpp.cpp; name = Timer.cpp; path = ../source/Core/Timer.cpp; sourceTree = "<group>"; };
		0ABE68B8197A83DB00563949 /* Timer.h */ = {isa = PBXFileReference; fileEncoding = 4; lastKnownFileType = sourcecode.c.h; name = Timer.h; path = ../source/Core/Timer.h; sourceTree = "<group>"; };
		0ABE68B9197A83DB00563949 /* Types.cpp */ = {isa = PBXFileReference; fileEncoding = 4; lastKnownFileType = sourcecode.cpp.cpp; name = Types.cpp; path = ../source/Core/Types.cpp; sourceTree = "<group>"; };
		0ABE68BA197A83DB00563949 /* Types.h */ = {isa = PBXFileReference; fileEncoding = 4; lastKnownFileType = sourcecode.c.h; name = Types.h; path = ../source/Core/Types.h; sourceTree = "<group>"; };
		0ABE68BB197A83DB00563949 /* WaitManager.cpp */ = {isa = PBXFileReference; fileEncoding = 4; lastKnownFileType = sourcecode.cpp.cpp; name = WaitManager.cpp; path = ../source/Core/WaitManager.cpp; sourceTree = "<group>"; };
		0ABE68BC197A83DB00563949 /* WaitManager.h */ = {isa = PBXFileReference; fileEncoding = 4; lastKnownFileType = sourcecode.c.h; name = WaitManager.h; path = ../source/Core/WaitManager.h; sourceTree = "<group>"; };
/* End PBXFileReference section */

/* Begin PBXFrameworksBuildPhase section */
		0A5F675718E1DED800CA603F /* Frameworks */ = {
			isa = PBXFrameworksBuildPhase;
			buildActionMask = 2147483647;
			files = (
				0A35490F19A3C1CE006C2756 /* GLUT.framework in Frameworks */,
				0A35490D19A3C1CA006C2756 /* OpenGL.framework in Frameworks */,
			);
			runOnlyForDeploymentPostprocessing = 0;
		};
/* End PBXFrameworksBuildPhase section */

/* Begin PBXGroup section */
		0A107D6418E54C2B00381CFD /* Zlib */ = {
			isa = PBXGroup;
			children = (
				0A5D081F197A878F00D0049F /* adler32.c */,
				0A5D0820197A878F00D0049F /* compress.c */,
				0A5D0821197A878F00D0049F /* crc32.c */,
				0A5D0822197A878F00D0049F /* crc32.h */,
				0A5D0823197A878F00D0049F /* deflate.c */,
				0A5D0824197A878F00D0049F /* deflate.h */,
				0A5D0825197A878F00D0049F /* gzclose.c */,
				0A5D0826197A878F00D0049F /* gzguts.h */,
				0A5D0827197A878F00D0049F /* gzlib.c */,
				0A5D0828197A878F00D0049F /* gzread.c */,
				0A5D0829197A878F00D0049F /* gzwrite.c */,
				0A5D082A197A878F00D0049F /* infback.c */,
				0A5D082B197A878F00D0049F /* inffast.c */,
				0A5D082C197A878F00D0049F /* inffast.h */,
				0A5D082D197A878F00D0049F /* inffixed.h */,
				0A5D082E197A878F00D0049F /* inflate.c */,
				0A5D082F197A878F00D0049F /* inflate.h */,
				0A5D0830197A878F00D0049F /* inftrees.c */,
				0A5D0831197A878F00D0049F /* inftrees.h */,
				0A5D0832197A878F00D0049F /* trees.c */,
				0A5D0833197A878F00D0049F /* trees.h */,
				0A5D0834197A878F00D0049F /* uncompr.c */,
				0A5D0835197A878F00D0049F /* zconf.h */,
				0A5D0836197A878F00D0049F /* zlib.h */,
				0A5D0837197A878F00D0049F /* zutil.c */,
				0A5D0838197A878F00D0049F /* zutil.h */,
			);
			name = Zlib;
			path = ../source/Core/zlib;
			sourceTree = "<group>";
		};
		0A107D9E18E54C4200381CFD /* Script */ = {
			isa = PBXGroup;
			children = (
				0A225C13199F8C4800447033 /* Class.cpp */,
				0A225C14199F8C4800447033 /* Class.h */,
				0A225C15199F8C4800447033 /* Define.cpp */,
				0A225C16199F8C4800447033 /* Define.h */,
				0A225C17199F8C4800447033 /* Exception.cpp */,
				0A225C18199F8C4800447033 /* Exception.h */,
				0A225C19199F8C4800447033 /* FileParser.cpp */,
				0A225C1A199F8C4800447033 /* FileParser.h */,
				0A225C1B199F8C4800447033 /* Interface.cpp */,
				0A225C1C199F8C4800447033 /* Interface.h */,
				0A225C1D199F8C4800447033 /* Internal.cpp */,
				0A225C1E199F8C4800447033 /* Internal.h */,
				0A225C1F199F8C4800447033 /* Lex.cpp */,
				0A225C20199F8C4800447033 /* Lex.h */,
				0A225C21199F8C4800447033 /* LexNode.cpp */,
				0A225C22199F8C4800447033 /* LexNode.h */,
				0A225C23199F8C4800447033 /* Method.cpp */,
				0A225C24199F8C4800447033 /* Method.h */,
				0A225C25199F8C4800447033 /* Node.cpp */,
				0A225C26199F8C4800447033 /* Node.h */,
				0A225C27199F8C4800447033 /* NodeBuilder.cpp */,
				0A225C28199F8C4800447033 /* NodeBuilder.h */,
				0A225C29199F8C4800447033 /* Object.cpp */,
				0A225C2A199F8C4800447033 /* Object.h */,
				0A225C2B199F8C4800447033 /* Scope.cpp */,
				0A225C2C199F8C4800447033 /* Scope.h */,
				0A225C2D199F8C4800447033 /* ScopeBuilder.cpp */,
				0A225C2E199F8C4800447033 /* ScopeBuilder.h */,
				0A225C2F199F8C4800447033 /* Script.cpp */,
				0A225C30199F8C4800447033 /* Script.h */,
				0A225C31199F8C4800447033 /* Segment.cpp */,
				0A225C32199F8C4800447033 /* Segment.h */,
				0A225C33199F8C4800447033 /* SegmentBuilder.cpp */,
				0A225C34199F8C4800447033 /* SegmentBuilder.h */,
				0A225C35199F8C4800447033 /* SegmentLinker.cpp */,
				0A225C36199F8C4800447033 /* SegmentLinker.h */,
				0A225C39199F8C4800447033 /* Variable.cpp */,
				0A225C3A199F8C4800447033 /* Variable.h */,
			);
			name = Script;
			sourceTree = "<group>";
		};
		0A5F675118E1DED800CA603F = {
			isa = PBXGroup;
			children = (
				0AB24EAF19A4A6230044CA42 /* Frameworks */,
				0ABE69AE197A83E900563949 /* Compiler */,
				0AA77E6D192F213B0003484B /* LibPng */,
				0AA77E6C192F21350003484B /* LibJpeg */,
				0AA77E58192F211D0003484B /* ResourceManager */,
				0A107D6418E54C2B00381CFD /* Zlib */,
				0A107D9E18E54C4200381CFD /* Script */,
				0A89525218E1E2ED00BE07E1 /* Console */,
				0A89524E18E1DF2800BE07E1 /* Core */,
				0A5F675C18E1DED800CA603F /* Lame */,
				0A5F675B18E1DED800CA603F /* Products */,
			);
			sourceTree = "<group>";
		};
		0A5F675B18E1DED800CA603F /* Products */ = {
			isa = PBXGroup;
			children = (
				0A5F675A18E1DED800CA603F /* lame */,
			);
			name = Products;
			sourceTree = "<group>";
		};
		0A5F675C18E1DED800CA603F /* Lame */ = {
			isa = PBXGroup;
			children = (
				0A5F675F18E1DED800CA603F /* lame.1 */,
			);
			name = Lame;
			path = lame;
			sourceTree = "<group>";
		};
		0A89524E18E1DF2800BE07E1 /* Core */ = {
			isa = PBXGroup;
			children = (
				0ABE67E6197A83DA00563949 /* Any.cpp */,
				0ABE67E7197A83DA00563949 /* Any.h */,
				0ABE67E8197A83DA00563949 /* Atomic.cpp */,
				0ABE67E9197A83DA00563949 /* Atomic.h */,
				0ABE67EA197A83DA00563949 /* Buffer.cpp */,
				0ABE67EB197A83DA00563949 /* Buffer.h */,
				0ABE67EC197A83DA00563949 /* Condition.cpp */,
				0ABE67ED197A83DA00563949 /* Condition.h */,
				0ABE67EE197A83DA00563949 /* Console.cpp */,
				0ABE67EF197A83DA00563949 /* Console.h */,
				0ABE67F0197A83DA00563949 /* Core.cpp */,
				0ABE67F1197A83DA00563949 /* Core.h */,
				0ABE67F2197A83DA00563949 /* Define.cpp */,
				0ABE67F3197A83DA00563949 /* Define.h */,
				0ABE67F4197A83DA00563949 /* Directory.cpp */,
				0ABE67F5197A83DA00563949 /* Directory.h */,
				0ABE67F6197A83DA00563949 /* Exception.cpp */,
				0ABE67F7197A83DA00563949 /* Exception.h */,
				0ABE67F8197A83DA00563949 /* File.cpp */,
				0ABE67F9197A83DA00563949 /* File.h */,
				0ABE67FC197A83DA00563949 /* Hashable.cpp */,
				0ABE67FD197A83DA00563949 /* Hashable.h */,
				0ABE67FE197A83DA00563949 /* List.cpp */,
				0ABE67FF197A83DA00563949 /* List.h */,
				0ABE6800197A83DA00563949 /* Locker.cpp */,
				0ABE6801197A83DA00563949 /* Locker.h */,
				0ABE6802197A83DA00563949 /* Math.cpp */,
				0ABE6803197A83DA00563949 /* Math.h */,
				0ABE6804197A83DA00563949 /* Mutex.cpp */,
				0ABE6805197A83DA00563949 /* Mutex.h */,
				0ABE6806197A83DA00563949 /* Observable.cpp */,
				0ABE6807197A83DA00563949 /* Observable.h */,
				0ABE68AB197A83DB00563949 /* SharedPtr.cpp */,
				0ABE68AC197A83DB00563949 /* SharedPtr.h */,
				0ABE68AD197A83DB00563949 /* Stream.cpp */,
				0ABE68AE197A83DB00563949 /* Stream.h */,
				0ABE68AF197A83DB00563949 /* Thread.cpp */,
				0ABE68B0197A83DB00563949 /* Thread.h */,
				0ABE68B1197A83DB00563949 /* Throwable.cpp */,
				0ABE68B2197A83DB00563949 /* Throwable.h */,
				0ABE68B3197A83DB00563949 /* ThrowableAdapter.cpp */,
				0ABE68B4197A83DB00563949 /* ThrowableAdapter.h */,
				0ABE68B5197A83DB00563949 /* Time.cpp */,
				0ABE68B6197A83DB00563949 /* Time.h */,
				0ABE68B7197A83DB00563949 /* Timer.cpp */,
				0ABE68B8197A83DB00563949 /* Timer.h */,
				0ABE68B9197A83DB00563949 /* Types.cpp */,
				0ABE68BA197A83DB00563949 /* Types.h */,
				0ABE68BB197A83DB00563949 /* WaitManager.cpp */,
				0ABE68BC197A83DB00563949 /* WaitManager.h */,
			);
			name = Core;
			sourceTree = "<group>";
		};
		0A89525218E1E2ED00BE07E1 /* Console */ = {
			isa = PBXGroup;
			children = (
				0A89525318E1E2F900BE07E1 /* Main.cpp */,
				0A89525418E1E2F900BE07E1 /* Main.h */,
			);
			name = Console;
			sourceTree = "<group>";
		};
		0AA77E58192F211D0003484B /* ResourceManager */ = {
			isa = PBXGroup;
			children = (
				0A5F88B9195FE82C00975945 /* AudioLoader.h */,
				0A5F88BA195FE82C00975945 /* BmpLoader.cpp */,
				0A5F88BB195FE82C00975945 /* Define.cpp */,
				0A5F88BC195FE82C00975945 /* Define.h */,
				0A5F88BD195FE82C00975945 /* JpegLoader.cpp */,
				0A5F88BE195FE82C00975945 /* PngLoader.cpp */,
				0A5F88BF195FE82C00975945 /* Resource.cpp */,
				0A5F88C0195FE82C00975945 /* Resource.h */,
				0A5F88C1195FE82C00975945 /* ResourceContainer.cpp */,
				0A5F88C2195FE82C00975945 /* ResourceManager.h */,
				0A5F88C3195FE82C00975945 /* TextureLoader.h */,
				0A5F88C4195FE82C00975945 /* TgaLoader.cpp */,
				0A5F88C5195FE82C00975945 /* VirtualLoader.h */,
				0A5F88C6195FE82C00975945 /* WavLoader.cpp */,
			);
			name = ResourceManager;
			sourceTree = "<group>";
		};
		0AA77E6C192F21350003484B /* LibJpeg */ = {
			isa = PBXGroup;
			children = (
				0AA77E93192F214D0003484B /* jaricom.c */,
				0AA77E94192F214D0003484B /* jcapimin.c */,
				0AA77E95192F214D0003484B /* jcapistd.c */,
				0AA77E96192F214D0003484B /* jcarith.c */,
				0AA77E97192F214D0003484B /* jccoefct.c */,
				0AA77E98192F214D0003484B /* jccolor.c */,
				0AA77E99192F214D0003484B /* jcdctmgr.c */,
				0AA77E9A192F214D0003484B /* jchuff.c */,
				0AA77E9B192F214D0003484B /* jcinit.c */,
				0AA77E9C192F214D0003484B /* jcmainct.c */,
				0AA77E9D192F214D0003484B /* jcmarker.c */,
				0AA77E9E192F214D0003484B /* jcmaster.c */,
				0AA77E9F192F214D0003484B /* jcomapi.c */,
				0AA77EA0192F214D0003484B /* jconfig.h */,
				0AA77EA1192F214D0003484B /* jcparam.c */,
				0AA77EA2192F214D0003484B /* jcprepct.c */,
				0AA77EA3192F214D0003484B /* jcsample.c */,
				0AA77EA4192F214D0003484B /* jctrans.c */,
				0AA77EA5192F214D0003484B /* jdapimin.c */,
				0AA77EA6192F214D0003484B /* jdapistd.c */,
				0AA77EA7192F214D0003484B /* jdarith.c */,
				0AA77EA8192F214D0003484B /* jdatadst.c */,
				0AA77EA9192F214D0003484B /* jdatasrc.c */,
				0AA77EAA192F214D0003484B /* jdcoefct.c */,
				0AA77EAB192F214D0003484B /* jdcolor.c */,
				0AA77EAC192F214D0003484B /* jdct.h */,
				0AA77EAD192F214D0003484B /* jddctmgr.c */,
				0AA77EAE192F214D0003484B /* jdhuff.c */,
				0AA77EAF192F214D0003484B /* jdinput.c */,
				0AA77EB0192F214D0003484B /* jdmainct.c */,
				0AA77EB1192F214D0003484B /* jdmarker.c */,
				0AA77EB2192F214D0003484B /* jdmaster.c */,
				0AA77EB3192F214D0003484B /* jdmerge.c */,
				0AA77EB4192F214D0003484B /* jdpostct.c */,
				0AA77EB5192F214D0003484B /* jdsample.c */,
				0AA77EB6192F214D0003484B /* jdtrans.c */,
				0AA77EB7192F214D0003484B /* jerror.c */,
				0AA77EB8192F214D0003484B /* jerror.h */,
				0AA77EB9192F214D0003484B /* jfdctflt.c */,
				0AA77EBA192F214D0003484B /* jfdctfst.c */,
				0AA77EBB192F214D0003484B /* jfdctint.c */,
				0AA77EBC192F214D0003484B /* jidctflt.c */,
				0AA77EBD192F214D0003484B /* jidctfst.c */,
				0AA77EBE192F214D0003484B /* jidctint.c */,
				0AA77EBF192F214D0003484B /* jinclude.h */,
				0AA77EC0192F214D0003484B /* jmemmgr.c */,
				0AA77EC1192F214D0003484B /* jmemnobs.c */,
				0AA77EC2192F214D0003484B /* jmemsys.h */,
				0AA77EC3192F214D0003484B /* jmorecfg.h */,
				0AA77EC4192F214D0003484B /* jpegint.h */,
				0AA77EC5192F214D0003484B /* jpeglib.h */,
				0AA77EC6192F214D0003484B /* jquant1.c */,
				0AA77EC7192F214D0003484B /* jquant2.c */,
				0AA77EC8192F214D0003484B /* jutils.c */,
				0AA77EC9192F214D0003484B /* jversion.h */,
			);
			name = LibJpeg;
			sourceTree = "<group>";
		};
		0AA77E6D192F213B0003484B /* LibPng */ = {
			isa = PBXGroup;
			children = (
				0AA77E6E192F21450003484B /* png.c */,
				0AA77E6F192F21450003484B /* png.h */,
				0AA77E70192F21450003484B /* pngconf.h */,
				0AA77E71192F21450003484B /* pngdebug.h */,
				0AA77E72192F21450003484B /* pngerror.c */,
				0AA77E73192F21450003484B /* pngget.c */,
				0AA77E74192F21450003484B /* pnginfo.h */,
				0AA77E75192F21450003484B /* pnglibconf.h */,
				0AA77E76192F21450003484B /* pngmem.c */,
				0AA77E77192F21450003484B /* pngpread.c */,
				0AA77E78192F21450003484B /* pngpriv.h */,
				0AA77E79192F21450003484B /* pngread.c */,
				0AA77E7A192F21450003484B /* pngrio.c */,
				0AA77E7B192F21450003484B /* pngrtran.c */,
				0AA77E7C192F21450003484B /* pngrutil.c */,
				0AA77E7D192F21450003484B /* pngset.c */,
				0AA77E7E192F21450003484B /* pngstruct.h */,
				0AA77E7F192F21450003484B /* pngtrans.c */,
				0AA77E80192F21450003484B /* pngwio.c */,
				0AA77E81192F21450003484B /* pngwrite.c */,
				0AA77E82192F21450003484B /* pngwtran.c */,
				0AA77E83192F21450003484B /* pngwutil.c */,
			);
			name = LibPng;
			sourceTree = "<group>";
		};
		0AB24EAF19A4A6230044CA42 /* Frameworks */ = {
			isa = PBXGroup;
			children = (
				0A35490E19A3C1CE006C2756 /* GLUT.framework */,
				0A35490C19A3C1CA006C2756 /* OpenGL.framework */,
			);
			name = Frameworks;
			sourceTree = "<group>";
		};
		0ABE69AE197A83E900563949 /* Compiler */ = {
			isa = PBXGroup;
			children = (
				0AAAC5CF19A4B4350019BDAF /* CodeTranslator.cpp */,
				0AAAC5D019A4B4350019BDAF /* CodeTranslator.h */,
				0A79447119A21638000ED8DD /* VariableStack.cpp */,
				0A79447219A21638000ED8DD /* VariableStack.h */,
				0A225C4F199F8C6500447033 /* Assembler.cpp */,
				0A225C50199F8C6500447033 /* Assembler.h */,
				0A225C51199F8C6500447033 /* ByteCodePrinter.cpp */,
				0A225C52199F8C6500447033 /* ByteCodePrinter.h */,
				0A225C53199F8C6500447033 /* CodeAnalizer.cpp */,
				0A225C54199F8C6500447033 /* CodeAnalizer.h */,
				0A225C55199F8C6500447033 /* Compiler.cpp */,
				0A225C56199F8C6500447033 /* Compiler.h */,
				0A225C57199F8C6500447033 /* Define.cpp */,
				0A225C58199F8C6500447033 /* Define.h */,
				0A225C59199F8C6500447033 /* Internal.cpp */,
				0A225C5A199F8C6500447033 /* Internal.h */,
				0A225C5B199F8C6500447033 /* LowLevelStack.cpp */,
				0A225C5C199F8C6500447033 /* LowLevelStack.h */,
				0A225C5D199F8C6500447033 /* Register.cpp */,
				0A225C5E199F8C6500447033 /* Register.h */,
				0A225C5F199F8C6500447033 /* VirtualCompiler.cpp */,
				0A225C60199F8C6500447033 /* VirtualCompiler.h */,
			);
			name = Compiler;
			sourceTree = "<group>";
		};
/* End PBXGroup section */

/* Begin PBXNativeTarget section */
		0A5F675918E1DED800CA603F /* lame */ = {
			isa = PBXNativeTarget;
			buildConfigurationList = 0A5F676318E1DED800CA603F /* Build configuration list for PBXNativeTarget "lame" */;
			buildPhases = (
				0A5F675618E1DED800CA603F /* Sources */,
				0A5F675718E1DED800CA603F /* Frameworks */,
				0A5F675818E1DED800CA603F /* CopyFiles */,
			);
			buildRules = (
			);
			dependencies = (
			);
			name = lame;
			productName = lame;
			productReference = 0A5F675A18E1DED800CA603F /* lame */;
			productType = "com.apple.product-type.tool";
		};
/* End PBXNativeTarget section */

/* Begin PBXProject section */
		0A5F675218E1DED800CA603F /* Project object */ = {
			isa = PBXProject;
			attributes = {
				LastUpgradeCheck = 0510;
				ORGANIZATIONNAME = dmitry;
			};
			buildConfigurationList = 0A5F675518E1DED800CA603F /* Build configuration list for PBXProject "lame" */;
			compatibilityVersion = "Xcode 3.2";
			developmentRegion = English;
			hasScannedForEncodings = 0;
			knownRegions = (
				en,
			);
			mainGroup = 0A5F675118E1DED800CA603F;
			productRefGroup = 0A5F675B18E1DED800CA603F /* Products */;
			projectDirPath = "";
			projectRoot = "";
			targets = (
				0A5F675918E1DED800CA603F /* lame */,
			);
		};
/* End PBXProject section */

/* Begin PBXSourcesBuildPhase section */
		0A5F675618E1DED800CA603F /* Sources */ = {
			isa = PBXSourcesBuildPhase;
			buildActionMask = 2147483647;
			files = (
				0A225C67199F8C6500447033 /* LowLevelStack.cpp in Sources */,
				0AA77E85192F21450003484B /* pngerror.c in Sources */,
				0AA77ECA192F214D0003484B /* jaricom.c in Sources */,
				0AA77EDB192F214D0003484B /* jdapimin.c in Sources */,
				0ABE6970197A83DB00563949 /* Types.cpp in Sources */,
				0A225C3C199F8C4800447033 /* Define.cpp in Sources */,
				0A225C42199F8C4800447033 /* LexNode.cpp in Sources */,
				0AA77EF4192F214D0003484B /* jmemnobs.c in Sources */,
				0A5F88E7195FE82C00975945 /* ResourceContainer.cpp in Sources */,
				0A225C46199F8C4800447033 /* Object.cpp in Sources */,
				0A5D083B197A878F00D0049F /* crc32.c in Sources */,
				0A5D083E197A878F00D0049F /* gzlib.c in Sources */,
				0A5F88E8195FE82C00975945 /* TgaLoader.cpp in Sources */,
				0A5D0844197A878F00D0049F /* inftrees.c in Sources */,
				0AA77EF3192F214D0003484B /* jmemmgr.c in Sources */,
				0AA77EE1192F214D0003484B /* jdcolor.c in Sources */,
				0A225C61199F8C6500447033 /* Assembler.cpp in Sources */,
				0ABE68CA197A83DB00563949 /* Locker.cpp in Sources */,
				0AA77EE6192F214D0003484B /* jdmarker.c in Sources */,
				0ABE68CD197A83DB00563949 /* Observable.cpp in Sources */,
				0A225C69199F8C6500447033 /* VirtualCompiler.cpp in Sources */,
				0A5F88E9195FE82C00975945 /* WavLoader.cpp in Sources */,
				0ABE68C4197A83DB00563949 /* Directory.cpp in Sources */,
				0ABE6971197A83DB00563949 /* WaitManager.cpp in Sources */,
				0ABE68CC197A83DB00563949 /* Mutex.cpp in Sources */,
				0A5D0845197A878F00D0049F /* trees.c in Sources */,
				0AA77EF0192F214D0003484B /* jidctflt.c in Sources */,
				0A225C63199F8C6500447033 /* CodeAnalizer.cpp in Sources */,
				0AA77ED3192F214D0003484B /* jcmainct.c in Sources */,
				0AA77ED7192F214D0003484B /* jcparam.c in Sources */,
				0AA77ED4192F214D0003484B /* jcmarker.c in Sources */,
				0ABE68BF197A83DB00563949 /* Buffer.cpp in Sources */,
				0AA77EEE192F214D0003484B /* jfdctfst.c in Sources */,
				0ABE696C197A83DB00563949 /* Throwable.cpp in Sources */,
				0ABE696A197A83DB00563949 /* Stream.cpp in Sources */,
				0AA77EF7192F214D0003484B /* jutils.c in Sources */,
				0ABE696E197A83DB00563949 /* Time.cpp in Sources */,
				0AA77E88192F21450003484B /* pngpread.c in Sources */,
				0AA77EF6192F214D0003484B /* jquant2.c in Sources */,
				0AA77EE0192F214D0003484B /* jdcoefct.c in Sources */,
				0AA77E8D192F21450003484B /* pngset.c in Sources */,
				0A5D0846197A878F00D0049F /* uncompr.c in Sources */,
				0AA77E92192F21450003484B /* pngwutil.c in Sources */,
				0A5F88E6195FE82C00975945 /* Resource.cpp in Sources */,
				0A5D0840197A878F00D0049F /* gzwrite.c in Sources */,
				0AA77EDD192F214D0003484B /* jdarith.c in Sources */,
				0A225C3B199F8C4800447033 /* Class.cpp in Sources */,
				0A5D0843197A878F00D0049F /* inflate.c in Sources */,
				0AA77EDF192F214D0003484B /* jdatasrc.c in Sources */,
				0AA77EF1192F214D0003484B /* jidctfst.c in Sources */,
				0ABE68CB197A83DB00563949 /* Math.cpp in Sources */,
				0AA77ECF192F214D0003484B /* jccolor.c in Sources */,
				0AA77EDC192F214D0003484B /* jdapistd.c in Sources */,
				0A5D0841197A878F00D0049F /* infback.c in Sources */,
				0AA77ED2192F214D0003484B /* jcinit.c in Sources */,
				0AA77E8B192F21450003484B /* pngrtran.c in Sources */,
				0A5D0847197A878F00D0049F /* zutil.c in Sources */,
				0AA77EEC192F214D0003484B /* jerror.c in Sources */,
				0A225C4E199F8C4800447033 /* Variable.cpp in Sources */,
				0A225C66199F8C6500447033 /* Internal.cpp in Sources */,
				0AA77ECE192F214D0003484B /* jccoefct.c in Sources */,
				0A5F88E2195FE82C00975945 /* BmpLoader.cpp in Sources */,
				0A89525518E1E2F900BE07E1 /* Main.cpp in Sources */,
				0A5D083A197A878F00D0049F /* compress.c in Sources */,
				0A225C45199F8C4800447033 /* NodeBuilder.cpp in Sources */,
				0AA77EEA192F214D0003484B /* jdsample.c in Sources */,
				0AA77E8A192F21450003484B /* pngrio.c in Sources */,
				0A5F88E3195FE82C00975945 /* Define.cpp in Sources */,
				0A225C3F199F8C4800447033 /* Interface.cpp in Sources */,
				0A225C65199F8C6500447033 /* Define.cpp in Sources */,
				0ABE68C2197A83DB00563949 /* Core.cpp in Sources */,
				0ABE68C5197A83DB00563949 /* Exception.cpp in Sources */,
				0ABE696D197A83DB00563949 /* ThrowableAdapter.cpp in Sources */,
				0A5D083D197A878F00D0049F /* gzclose.c in Sources */,
				0AA77E8F192F21450003484B /* pngwio.c in Sources */,
				0A225C62199F8C6500447033 /* ByteCodePrinter.cpp in Sources */,
				0AA77EEF192F214D0003484B /* jfdctint.c in Sources */,
				0AA77EE4192F214D0003484B /* jdinput.c in Sources */,
				0AA77EE5192F214D0003484B /* jdmainct.c in Sources */,
				0AA77E8C192F21450003484B /* pngrutil.c in Sources */,
				0A5D0842197A878F00D0049F /* inffast.c in Sources */,
				0AA77E8E192F21450003484B /* pngtrans.c in Sources */,
				0A79447319A21638000ED8DD /* VariableStack.cpp in Sources */,
				0ABE68C6197A83DB00563949 /* File.cpp in Sources */,
				0AA77EED192F214D0003484B /* jfdctflt.c in Sources */,
				0A225C44199F8C4800447033 /* Node.cpp in Sources */,
				0AA77ED9192F214D0003484B /* jcsample.c in Sources */,
				0AA77ED1192F214D0003484B /* jchuff.c in Sources */,
				0ABE68BE197A83DB00563949 /* Atomic.cpp in Sources */,
				0A225C47199F8C4800447033 /* Scope.cpp in Sources */,
				0AA77E89192F21450003484B /* pngread.c in Sources */,
				0AA77ED8192F214D0003484B /* jcprepct.c in Sources */,
				0AA77ED0192F214D0003484B /* jcdctmgr.c in Sources */,
				0AA77EE8192F214D0003484B /* jdmerge.c in Sources */,
				0ABE68BD197A83DB00563949 /* Any.cpp in Sources */,
				0AA77E84192F21450003484B /* png.c in Sources */,
				0ABE696B197A83DB00563949 /* Thread.cpp in Sources */,
				0A225C4B199F8C4800447033 /* SegmentBuilder.cpp in Sources */,
				0AA77ECB192F214D0003484B /* jcapimin.c in Sources */,
				0A5D0839197A878F00D0049F /* adler32.c in Sources */,
				0A225C43199F8C4800447033 /* Method.cpp in Sources */,
				0ABE68C8197A83DB00563949 /* Hashable.cpp in Sources */,
				0A225C3E199F8C4800447033 /* FileParser.cpp in Sources */,
				0A225C41199F8C4800447033 /* Lex.cpp in Sources */,
				0ABE68C9197A83DB00563949 /* List.cpp in Sources */,
				0AA77E86192F21450003484B /* pngget.c in Sources */,
				0A5F88E5195FE82C00975945 /* PngLoader.cpp in Sources */,
				0A225C40199F8C4800447033 /* Internal.cpp in Sources */,
				0AA77EF5192F214D0003484B /* jquant1.c in Sources */,
				0AA77EDE192F214D0003484B /* jdatadst.c in Sources */,
				0A225C4A199F8C4800447033 /* Segment.cpp in Sources */,
				0A5F88E4195FE82C00975945 /* JpegLoader.cpp in Sources */,
				0A225C49199F8C4800447033 /* Script.cpp in Sources */,
				0ABE68C0197A83DB00563949 /* Condition.cpp in Sources */,
				0A225C4C199F8C4800447033 /* SegmentLinker.cpp in Sources */,
				0A5D083F197A878F00D0049F /* gzread.c in Sources */,
				0AA77E91192F21450003484B /* pngwtran.c in Sources */,
				0AA77EF2192F214D0003484B /* jidctint.c in Sources */,
				0A225C48199F8C4800447033 /* ScopeBuilder.cpp in Sources */,
				0AA77EE9192F214D0003484B /* jdpostct.c in Sources */,
				0AA77EE3192F214D0003484B /* jdhuff.c in Sources */,
				0A225C68199F8C6500447033 /* Register.cpp in Sources */,
				0AA77ECC192F214D0003484B /* jcapistd.c in Sources */,
				0AA77EE2192F214D0003484B /* jddctmgr.c in Sources */,
				0ABE68C3197A83DB00563949 /* Define.cpp in Sources */,
				0AA77EDA192F214D0003484B /* jctrans.c in Sources */,
				0A5D083C197A878F00D0049F /* deflate.c in Sources */,
				0A225C64199F8C6500447033 /* Compiler.cpp in Sources */,
				0AAAC5D119A4B4350019BDAF /* CodeTranslator.cpp in Sources */,
				0AA77ED5192F214D0003484B /* jcmaster.c in Sources */,
				0AA77E87192F21450003484B /* pngmem.c in Sources */,
				0ABE6969197A83DB00563949 /* SharedPtr.cpp in Sources */,
				0AA77E90192F21450003484B /* pngwrite.c in Sources */,
				0ABE68C1197A83DB00563949 /* Console.cpp in Sources */,
				0AA77EEB192F214D0003484B /* jdtrans.c in Sources */,
				0ABE696F197A83DB00563949 /* Timer.cpp in Sources */,
				0AA77ECD192F214D0003484B /* jcarith.c in Sources */,
				0A225C3D199F8C4800447033 /* Exception.cpp in Sources */,
				0AA77ED6192F214D0003484B /* jcomapi.c in Sources */,
				0AA77EE7192F214D0003484B /* jdmaster.c in Sources */,
			);
			runOnlyForDeploymentPostprocessing = 0;
		};
/* End PBXSourcesBuildPhase section */

/* Begin XCBuildConfiguration section */
		0A5F676118E1DED800CA603F /* Debug */ = {
			isa = XCBuildConfiguration;
			buildSettings = {
				ALWAYS_SEARCH_USER_PATHS = NO;
				CLANG_CXX_LANGUAGE_STANDARD = "gnu++0x";
				CLANG_CXX_LIBRARY = "libc++";
				CLANG_ENABLE_MODULES = YES;
				CLANG_ENABLE_OBJC_ARC = YES;
				CLANG_WARN_BOOL_CONVERSION = YES;
				CLANG_WARN_CONSTANT_CONVERSION = YES;
				CLANG_WARN_DIRECT_OBJC_ISA_USAGE = YES_ERROR;
				CLANG_WARN_EMPTY_BODY = YES;
				CLANG_WARN_ENUM_CONVERSION = YES;
				CLANG_WARN_INT_CONVERSION = YES;
				CLANG_WARN_OBJC_ROOT_CLASS = YES_ERROR;
				CLANG_WARN__DUPLICATE_METHOD_MATCH = YES;
				COPY_PHASE_STRIP = NO;
				GCC_C_LANGUAGE_STANDARD = gnu99;
				GCC_DYNAMIC_NO_PIC = NO;
				GCC_ENABLE_OBJC_EXCEPTIONS = YES;
				GCC_OPTIMIZATION_LEVEL = 0;
				GCC_PREPROCESSOR_DEFINITIONS = (
					"DEBUG=1",
					"$(inherited)",
				);
				GCC_SYMBOLS_PRIVATE_EXTERN = NO;
				GCC_WARN_64_TO_32_BIT_CONVERSION = YES;
				GCC_WARN_ABOUT_RETURN_TYPE = YES_ERROR;
				GCC_WARN_UNDECLARED_SELECTOR = YES;
				GCC_WARN_UNINITIALIZED_AUTOS = YES_AGGRESSIVE;
				GCC_WARN_UNUSED_FUNCTION = YES;
				GCC_WARN_UNUSED_VARIABLE = YES;
				MACOSX_DEPLOYMENT_TARGET = 10.9;
				ONLY_ACTIVE_ARCH = YES;
				SDKROOT = macosx;
			};
			name = Debug;
		};
		0A5F676218E1DED800CA603F /* Release */ = {
			isa = XCBuildConfiguration;
			buildSettings = {
				ALWAYS_SEARCH_USER_PATHS = NO;
				CLANG_CXX_LANGUAGE_STANDARD = "gnu++0x";
				CLANG_CXX_LIBRARY = "libc++";
				CLANG_ENABLE_MODULES = YES;
				CLANG_ENABLE_OBJC_ARC = YES;
				CLANG_WARN_BOOL_CONVERSION = YES;
				CLANG_WARN_CONSTANT_CONVERSION = YES;
				CLANG_WARN_DIRECT_OBJC_ISA_USAGE = YES_ERROR;
				CLANG_WARN_EMPTY_BODY = YES;
				CLANG_WARN_ENUM_CONVERSION = YES;
				CLANG_WARN_INT_CONVERSION = YES;
				CLANG_WARN_OBJC_ROOT_CLASS = YES_ERROR;
				CLANG_WARN__DUPLICATE_METHOD_MATCH = YES;
				COPY_PHASE_STRIP = YES;
				DEBUG_INFORMATION_FORMAT = "dwarf-with-dsym";
				ENABLE_NS_ASSERTIONS = NO;
				GCC_C_LANGUAGE_STANDARD = gnu99;
				GCC_ENABLE_OBJC_EXCEPTIONS = YES;
				GCC_WARN_64_TO_32_BIT_CONVERSION = YES;
				GCC_WARN_ABOUT_RETURN_TYPE = YES_ERROR;
				GCC_WARN_UNDECLARED_SELECTOR = YES;
				GCC_WARN_UNINITIALIZED_AUTOS = YES_AGGRESSIVE;
				GCC_WARN_UNUSED_FUNCTION = YES;
				GCC_WARN_UNUSED_VARIABLE = YES;
				MACOSX_DEPLOYMENT_TARGET = 10.9;
				SDKROOT = macosx;
			};
			name = Release;
		};
		0A5F676418E1DED800CA603F /* Debug */ = {
			isa = XCBuildConfiguration;
			buildSettings = {
				HEADER_SEARCH_PATHS = (
					"$(inherited)",
					/Applications/Xcode.app/Contents/Developer/Toolchains/XcodeDefault.xctoolchain/usr/include,
					"/Volumes/Storage/code/C++/Projects/lame/source/",
				);
				PRODUCT_NAME = "$(TARGET_NAME)";
			};
			name = Debug;
		};
		0A5F676518E1DED800CA603F /* Release */ = {
			isa = XCBuildConfiguration;
			buildSettings = {
				HEADER_SEARCH_PATHS = (
					"$(inherited)",
					/Applications/Xcode.app/Contents/Developer/Toolchains/XcodeDefault.xctoolchain/usr/include,
					"/Volumes/Storage/code/C++/Projects/lame/source/",
				);
				PRODUCT_NAME = "$(TARGET_NAME)";
			};
			name = Release;
		};
/* End XCBuildConfiguration section */

/* Begin XCConfigurationList section */
		0A5F675518E1DED800CA603F /* Build configuration list for PBXProject "lame" */ = {
			isa = XCConfigurationList;
			buildConfigurations = (
				0A5F676118E1DED800CA603F /* Debug */,
				0A5F676218E1DED800CA603F /* Release */,
			);
			defaultConfigurationIsVisible = 0;
			defaultConfigurationName = Release;
		};
		0A5F676318E1DED800CA603F /* Build configuration list for PBXNativeTarget "lame" */ = {
			isa = XCConfigurationList;
			buildConfigurations = (
				0A5F676418E1DED800CA603F /* Debug */,
				0A5F676518E1DED800CA603F /* Release */,
			);
			defaultConfigurationIsVisible = 0;
			defaultConfigurationName = Release;
		};
/* End XCConfigurationList section */
	};
	rootObject = 0A5F675218E1DED800CA603F /* Project object */;
}
