<?xml version="1.0" encoding="utf-8"?>
<Project ToolsVersion="4.0" xmlns="http://schemas.microsoft.com/developer/msbuild/2003">
  <ItemGroup>
    <Filter Include="source">
      <UniqueIdentifier>{bad10f7a-baa5-4f9e-942b-5e8a28d1f8e2}</UniqueIdentifier>
    </Filter>
  </ItemGroup>
  <ItemGroup>
    <ClInclude Include="..\..\source\Script\Builder.h">
      <Filter>source</Filter>
    </ClInclude>
    <ClInclude Include="..\..\source\Script\Define.h">
      <Filter>source</Filter>
    </ClInclude>
    <ClInclude Include="..\..\source\Script\Exception.h">
      <Filter>source</Filter>
    </ClInclude>
    <ClInclude Include="..\..\source\Script\Internal.h">
      <Filter>source</Filter>
    </ClInclude>
    <ClInclude Include="..\..\source\Script\Parser.h">
      <Filter>source</Filter>
    </ClInclude>
    <ClInclude Include="..\..\source\Script\Script.h">
      <Filter>source</Filter>
    </ClInclude>
    <ClInclude Include="..\..\source\Script\Scope.h">
      <Filter>source</Filter>
    </ClInclude>
    <ClInclude Include="..\..\source\Script\ScopeController.h">
      <Filter>source</Filter>
    </ClInclude>
    <ClInclude Include="..\..\source\Script\Object.h">
      <Filter>source</Filter>
    </ClInclude>
    <ClInclude Include="..\..\source\Script\Class.h">
      <Filter>source</Filter>
    </ClInclude>
    <ClInclude Include="..\..\source\Script\Variable.h">
      <Filter>source</Filter>
    </ClInclude>
    <ClInclude Include="..\..\source\Script\GlobalScope.h">
      <Filter>source</Filter>
    </ClInclude>
    <ClInclude Include="..\..\source\Script\Method.h">
      <Filter>source</Filter>
    </ClInclude>
    <ClInclude Include="..\..\source\Script\Error.h">
      <Filter>source</Filter>
    </ClInclude>
    <ClInclude Include="..\..\source\Script\Interface.h">
      <Filter>source</Filter>
    </ClInclude>
    <ClInclude Include="..\..\source\Script\Abstract.h">
      <Filter>source</Filter>
    </ClInclude>
  </ItemGroup>
  <ItemGroup>
    <ClCompile Include="..\..\source\Script\Builder.cpp">
      <Filter>source</Filter>
    </ClCompile>
    <ClCompile Include="..\..\source\Script\Exception.cpp">
      <Filter>source</Filter>
    </ClCompile>
    <ClCompile Include="..\..\source\Script\Node.cpp">
      <Filter>source</Filter>
    </ClCompile>
    <ClCompile Include="..\..\source\Script\Parser.cpp">
      <Filter>source</Filter>
    </ClCompile>
    <ClCompile Include="..\..\source\Script\Variable.cpp">
      <Filter>source</Filter>
    </ClCompile>
    <ClCompile Include="..\..\source\Script\Internal.cpp">
      <Filter>source</Filter>
    </ClCompile>
    <ClCompile Include="..\..\source\Script\Scope.cpp">
      <Filter>source</Filter>
    </ClCompile>
    <ClCompile Include="..\..\source\Script\ScopeController.cpp">
      <Filter>source</Filter>
    </ClCompile>
    <ClCompile Include="..\..\source\Script\Object.cpp">
      <Filter>source</Filter>
    </ClCompile>
    <ClCompile Include="..\..\source\Script\Script.cpp">
      <Filter>source</Filter>
    </ClCompile>
    <ClCompile Include="..\..\source\Script\Define.cpp">
      <Filter>source</Filter>
    </ClCompile>
    <ClCompile Include="..\..\source\Script\Class.cpp">
      <Filter>source</Filter>
    </ClCompile>
    <ClCompile Include="..\..\source\Script\GlobalScope.cpp">
      <Filter>source</Filter>
    </ClCompile>
    <ClCompile Include="..\..\source\Script\Method.cpp">
      <Filter>source</Filter>
    </ClCompile>
    <ClCompile Include="..\..\source\Script\Error.cpp">
      <Filter>source</Filter>
    </ClCompile>
    <ClCompile Include="..\..\source\Script\Interface.cpp">
      <Filter>source</Filter>
    </ClCompile>
    <ClCompile Include="..\..\source\Script\Abstract.cpp">
      <Filter>source</Filter>
    </ClCompile>
  </ItemGroup>
</Project>