
Microsoft Visual Studio Solution File, Format Version 12.00
# Visual Studio Express 2013 for Windows Desktop
VisualStudioVersion = 12.0.30110.0
MinimumVisualStudioVersion = 10.0.40219.1
Project("{8BC9CEB8-8B4A-11D0-8D11-00A0C91BC942}") = "Console", "Console\Console.vcxproj", "{2757D70F-7B7B-4005-91B2-A64017F95F88}"
EndProject
Project("{8BC9CEB8-8B4A-11D0-8D11-00A0C91BC942}") = "Core", "Core\Core.vcxproj", "{8E51E80F-EDA6-41CB-8D0F-5A722293B445}"
EndProject
Project("{8BC9CEB8-8B4A-11D0-8D11-00A0C91BC942}") = "Script", "Script\Script.vcxproj", "{9847B55A-6304-4111-A214-CACEB4DF9B4C}"
EndProject
Global
	GlobalSection(SolutionConfigurationPlatforms) = preSolution
		Debug|Win32 = Debug|Win32
		Release|Win32 = Release|Win32
	EndGlobalSection
	GlobalSection(ProjectConfigurationPlatforms) = postSolution
		{2757D70F-7B7B-4005-91B2-A64017F95F88}.Debug|Win32.ActiveCfg = Debug|Win32
		{2757D70F-7B7B-4005-91B2-A64017F95F88}.Debug|Win32.Build.0 = Debug|Win32
		{2757D70F-7B7B-4005-91B2-A64017F95F88}.Release|Win32.ActiveCfg = Release|Win32
		{2757D70F-7B7B-4005-91B2-A64017F95F88}.Release|Win32.Build.0 = Release|Win32
		{8E51E80F-EDA6-41CB-8D0F-5A722293B445}.Debug|Win32.ActiveCfg = Debug|Win32
		{8E51E80F-EDA6-41CB-8D0F-5A722293B445}.Debug|Win32.Build.0 = Debug|Win32
		{8E51E80F-EDA6-41CB-8D0F-5A722293B445}.Release|Win32.ActiveCfg = Release|Win32
		{8E51E80F-EDA6-41CB-8D0F-5A722293B445}.Release|Win32.Build.0 = Release|Win32
		{9847B55A-6304-4111-A214-CACEB4DF9B4C}.Debug|Win32.ActiveCfg = Debug|Win32
		{9847B55A-6304-4111-A214-CACEB4DF9B4C}.Debug|Win32.Build.0 = Debug|Win32
		{9847B55A-6304-4111-A214-CACEB4DF9B4C}.Release|Win32.ActiveCfg = Release|Win32
		{9847B55A-6304-4111-A214-CACEB4DF9B4C}.Release|Win32.Build.0 = Release|Win32
	EndGlobalSection
	GlobalSection(SolutionProperties) = preSolution
		HideSolutionNode = FALSE
	EndGlobalSection
EndGlobal
