<?xml version="1.0" encoding="utf-8"?>
<Project ToolsVersion="4.0" xmlns="http://schemas.microsoft.com/developer/msbuild/2003">
  <ItemGroup>
    <Filter Include="zlib">
      <UniqueIdentifier>{9a57d57e-f78b-4807-958a-763376c82ab0}</UniqueIdentifier>
    </Filter>
    <Filter Include="source">
      <UniqueIdentifier>{201ae701-131e-4b27-80a5-1c83371980d4}</UniqueIdentifier>
    </Filter>
  </ItemGroup>
  <ItemGroup>
    <ClInclude Include="..\..\source\Core\zlib\crc32.h">
      <Filter>zlib</Filter>
    </ClInclude>
    <ClInclude Include="..\..\source\Core\zlib\deflate.h">
      <Filter>zlib</Filter>
    </ClInclude>
    <ClInclude Include="..\..\source\Core\zlib\gzguts.h">
      <Filter>zlib</Filter>
    </ClInclude>
    <ClInclude Include="..\..\source\Core\zlib\inffast.h">
      <Filter>zlib</Filter>
    </ClInclude>
    <ClInclude Include="..\..\source\Core\zlib\inffixed.h">
      <Filter>zlib</Filter>
    </ClInclude>
    <ClInclude Include="..\..\source\Core\zlib\inflate.h">
      <Filter>zlib</Filter>
    </ClInclude>
    <ClInclude Include="..\..\source\Core\zlib\inftrees.h">
      <Filter>zlib</Filter>
    </ClInclude>
    <ClInclude Include="..\..\source\Core\zlib\trees.h">
      <Filter>zlib</Filter>
    </ClInclude>
    <ClInclude Include="..\..\source\Core\zlib\zconf.h">
      <Filter>zlib</Filter>
    </ClInclude>
    <ClInclude Include="..\..\source\Core\zlib\zlib.h">
      <Filter>zlib</Filter>
    </ClInclude>
    <ClInclude Include="..\..\source\Core\zlib\zutil.h">
      <Filter>zlib</Filter>
    </ClInclude>
    <ClInclude Include="..\..\source\Core\Any.h">
      <Filter>source</Filter>
    </ClInclude>
    <ClInclude Include="..\..\source\Core\Atomic.h">
      <Filter>source</Filter>
    </ClInclude>
    <ClInclude Include="..\..\source\Core\Buffer.h">
      <Filter>source</Filter>
    </ClInclude>
    <ClInclude Include="..\..\source\Core\Condition.h">
      <Filter>source</Filter>
    </ClInclude>
    <ClInclude Include="..\..\source\Core\Console.h">
      <Filter>source</Filter>
    </ClInclude>
    <ClInclude Include="..\..\source\Core\Core.h">
      <Filter>source</Filter>
    </ClInclude>
    <ClInclude Include="..\..\source\Core\Define.h">
      <Filter>source</Filter>
    </ClInclude>
    <ClInclude Include="..\..\source\Core\Directory.h">
      <Filter>source</Filter>
    </ClInclude>
    <ClInclude Include="..\..\source\Core\Exception.h">
      <Filter>source</Filter>
    </ClInclude>
    <ClInclude Include="..\..\source\Core\File.h">
      <Filter>source</Filter>
    </ClInclude>
    <ClInclude Include="..\..\source\Core\Hashable.h">
      <Filter>source</Filter>
    </ClInclude>
    <ClInclude Include="..\..\source\Core\Library.h">
      <Filter>source</Filter>
    </ClInclude>
    <ClInclude Include="..\..\source\Core\List.h">
      <Filter>source</Filter>
    </ClInclude>
    <ClInclude Include="..\..\source\Core\Locker.h">
      <Filter>source</Filter>
    </ClInclude>
    <ClInclude Include="..\..\source\Core\Math.h">
      <Filter>source</Filter>
    </ClInclude>
    <ClInclude Include="..\..\source\Core\Mutex.h">
      <Filter>source</Filter>
    </ClInclude>
    <ClInclude Include="..\..\source\Core\Observable.h">
      <Filter>source</Filter>
    </ClInclude>
    <ClInclude Include="..\..\source\Core\SharedPtr.h">
      <Filter>source</Filter>
    </ClInclude>
    <ClInclude Include="..\..\source\Core\Stream.h">
      <Filter>source</Filter>
    </ClInclude>
    <ClInclude Include="..\..\source\Core\Thread.h">
      <Filter>source</Filter>
    </ClInclude>
    <ClInclude Include="..\..\source\Core\Throwable.h">
      <Filter>source</Filter>
    </ClInclude>
    <ClInclude Include="..\..\source\Core\ThrowableAdapter.h">
      <Filter>source</Filter>
    </ClInclude>
    <ClInclude Include="..\..\source\Core\Time.h">
      <Filter>source</Filter>
    </ClInclude>
    <ClInclude Include="..\..\source\Core\Timer.h">
      <Filter>source</Filter>
    </ClInclude>
    <ClInclude Include="..\..\source\Core\Types.h">
      <Filter>source</Filter>
    </ClInclude>
    <ClInclude Include="..\..\source\Core\WaitManager.h">
      <Filter>source</Filter>
    </ClInclude>
    <ClInclude Include="..\..\source\Core\Sizeable.h">
      <Filter>source</Filter>
    </ClInclude>
  </ItemGroup>
  <ItemGroup>
    <ClCompile Include="..\..\source\Core\zlib\adler32.c">
      <Filter>zlib</Filter>
    </ClCompile>
    <ClCompile Include="..\..\source\Core\zlib\compress.c">
      <Filter>zlib</Filter>
    </ClCompile>
    <ClCompile Include="..\..\source\Core\zlib\crc32.c">
      <Filter>zlib</Filter>
    </ClCompile>
    <ClCompile Include="..\..\source\Core\zlib\deflate.c">
      <Filter>zlib</Filter>
    </ClCompile>
    <ClCompile Include="..\..\source\Core\zlib\gzclose.c">
      <Filter>zlib</Filter>
    </ClCompile>
    <ClCompile Include="..\..\source\Core\zlib\gzlib.c">
      <Filter>zlib</Filter>
    </ClCompile>
    <ClCompile Include="..\..\source\Core\zlib\gzread.c">
      <Filter>zlib</Filter>
    </ClCompile>
    <ClCompile Include="..\..\source\Core\zlib\gzwrite.c">
      <Filter>zlib</Filter>
    </ClCompile>
    <ClCompile Include="..\..\source\Core\zlib\infback.c">
      <Filter>zlib</Filter>
    </ClCompile>
    <ClCompile Include="..\..\source\Core\zlib\inffast.c">
      <Filter>zlib</Filter>
    </ClCompile>
    <ClCompile Include="..\..\source\Core\zlib\inflate.c">
      <Filter>zlib</Filter>
    </ClCompile>
    <ClCompile Include="..\..\source\Core\zlib\inftrees.c">
      <Filter>zlib</Filter>
    </ClCompile>
    <ClCompile Include="..\..\source\Core\zlib\trees.c">
      <Filter>zlib</Filter>
    </ClCompile>
    <ClCompile Include="..\..\source\Core\zlib\uncompr.c">
      <Filter>zlib</Filter>
    </ClCompile>
    <ClCompile Include="..\..\source\Core\zlib\zutil.c">
      <Filter>zlib</Filter>
    </ClCompile>
    <ClCompile Include="..\..\source\Core\Any.cpp">
      <Filter>source</Filter>
    </ClCompile>
    <ClCompile Include="..\..\source\Core\Atomic.cpp">
      <Filter>source</Filter>
    </ClCompile>
    <ClCompile Include="..\..\source\Core\Buffer.cpp">
      <Filter>source</Filter>
    </ClCompile>
    <ClCompile Include="..\..\source\Core\Condition.cpp">
      <Filter>source</Filter>
    </ClCompile>
    <ClCompile Include="..\..\source\Core\Console.cpp">
      <Filter>source</Filter>
    </ClCompile>
    <ClCompile Include="..\..\source\Core\Core.cpp">
      <Filter>source</Filter>
    </ClCompile>
    <ClCompile Include="..\..\source\Core\Define.cpp">
      <Filter>source</Filter>
    </ClCompile>
    <ClCompile Include="..\..\source\Core\Directory.cpp">
      <Filter>source</Filter>
    </ClCompile>
    <ClCompile Include="..\..\source\Core\Exception.cpp">
      <Filter>source</Filter>
    </ClCompile>
    <ClCompile Include="..\..\source\Core\File.cpp">
      <Filter>source</Filter>
    </ClCompile>
    <ClCompile Include="..\..\source\Core\Hashable.cpp">
      <Filter>source</Filter>
    </ClCompile>
    <ClCompile Include="..\..\source\Core\Library.cpp">
      <Filter>source</Filter>
    </ClCompile>
    <ClCompile Include="..\..\source\Core\List.cpp">
      <Filter>source</Filter>
    </ClCompile>
    <ClCompile Include="..\..\source\Core\Locker.cpp">
      <Filter>source</Filter>
    </ClCompile>
    <ClCompile Include="..\..\source\Core\Math.cpp">
      <Filter>source</Filter>
    </ClCompile>
    <ClCompile Include="..\..\source\Core\Mutex.cpp">
      <Filter>source</Filter>
    </ClCompile>
    <ClCompile Include="..\..\source\Core\Observable.cpp">
      <Filter>source</Filter>
    </ClCompile>
    <ClCompile Include="..\..\source\Core\SharedPtr.cpp">
      <Filter>source</Filter>
    </ClCompile>
    <ClCompile Include="..\..\source\Core\Stream.cpp">
      <Filter>source</Filter>
    </ClCompile>
    <ClCompile Include="..\..\source\Core\Thread.cpp">
      <Filter>source</Filter>
    </ClCompile>
    <ClCompile Include="..\..\source\Core\Throwable.cpp">
      <Filter>source</Filter>
    </ClCompile>
    <ClCompile Include="..\..\source\Core\ThrowableAdapter.cpp">
      <Filter>source</Filter>
    </ClCompile>
    <ClCompile Include="..\..\source\Core\Time.cpp">
      <Filter>source</Filter>
    </ClCompile>
    <ClCompile Include="..\..\source\Core\Timer.cpp">
      <Filter>source</Filter>
    </ClCompile>
    <ClCompile Include="..\..\source\Core\Types.cpp">
      <Filter>source</Filter>
    </ClCompile>
    <ClCompile Include="..\..\source\Core\WaitManager.cpp">
      <Filter>source</Filter>
    </ClCompile>
    <ClCompile Include="..\..\source\Core\Sizeable.cpp">
      <Filter>source</Filter>
    </ClCompile>
  </ItemGroup>
</Project>