<?xml version="1.0" encoding="utf-8"?>
<Project ToolsVersion="4.0" xmlns="http://schemas.microsoft.com/developer/msbuild/2003">
  <ItemGroup>
    <Filter Include="source">
      <UniqueIdentifier>{36099e08-057d-41a4-b97a-d41a0d7dfda1}</UniqueIdentifier>
    </Filter>
  </ItemGroup>
  <ItemGroup>
    <ClInclude Include="..\..\source\VirtualMachine\VirtualMachine.h">
      <Filter>source</Filter>
    </ClInclude>
  </ItemGroup>
  <ItemGroup>
    <ClCompile Include="..\..\source\VirtualMachine\VirtualMachine.c">
      <Filter>source</Filter>
    </ClCompile>
  </ItemGroup>
</Project>